<Solution>
  <Folder Name="/src/">
    <Project Path="src/WorkOrderService.API/WorkOrderService.API.csproj" />
    <Project Path="src/WorkOrderService.Application/WorkOrderService.Application.csproj" />
    <Project Path="src/WorkOrderService.Domain/WorkOrderService.Domain.csproj" />
    <Project Path="src/WorkOrderService.Functions/WorkOrderService.Functions.csproj" />
    <Project Path="src/WorkOrderService.Infrastructure/WorkOrderService.Infrastructure.csproj" />
  </Folder>
</Solution>
