<Solution>
  <Project Path="CanteenTransactionService.Domain\CanteenTransactionService.Domain.csproj" />
  <Project Path="CanteenTransactionService.Application\CanteenTransactionService.Application.csproj" />
  <Project Path="CanteenTransactionService.Infrastructure\CanteenTransactionService.Infrastructure.csproj" />
  <Project Path="CanteenTransactionService.API\CanteenTransactionService.API.csproj" />
  <Project Path="CanteenTransactionService.Functions\CanteenTransactionService.Functions.csproj" />
</Solution>
