<Solution>
  <Folder Name="/src/">
    <Project Path="src/ErrorLoggingService.API/ErrorLoggingService.API.csproj" />
    <Project Path="src/ErrorLoggingService.Application/ErrorLoggingService.Application.csproj" />
    <Project Path="src/ErrorLoggingService.Domain/ErrorLoggingService.Domain.csproj" />
    <Project Path="src/ErrorLoggingService.Infrastructure/ErrorLoggingService.Infrastructure.csproj" />
  </Folder>
</Solution>
