Microsoft Visual Studio Solution File, Format Version 12.00
# Visual Studio Version 17
VisualStudioVersion = 17.0.31903.59
MinimumVisualStudioVersion = 10.0.40219.1
Project("{9A19103F-16F7-4668-BE54-9A1E7A4F7E84}") = "CompensationService.Domain", "CompensationService.Domain\CompensationService.Domain.csproj", "{A1B2C3D4-E5F6-7890-1234-ABCDEF123456}"
EndProject
Project("{9A19103F-16F7-4668-BE54-9A1E7A4F7E84}") = "CompensationService.Application", "CompensationService.Application\CompensationService.Application.csproj", "{B2C3D4E5-F6A7-8901-2345-BCDEF1234567}"
EndProject
Project("{9A19103F-16F7-4668-BE54-9A1E7A4F7E84}") = "CompensationService.Infrastructure", "CompensationService.Infrastructure\CompensationService.Infrastructure.csproj", "{C3D4E5F6-A7B8-9012-3456-CDEF12345678}"
EndProject
Project("{9A19103F-16F7-4668-BE54-9A1E7A4F7E84}") = "CompensationService.API", "CompensationService.API\CompensationService.API.csproj", "{D4E5F6A7-B8C9-0123-4567-DEF123456789}"
EndProject
Project("{9A19103F-16F7-4668-BE54-9A1E7A4F7E84}") = "CompensationService.AzureFunctions", "CompensationService.AzureFunctions\CompensationService.AzureFunctions.csproj", "{E5F6A7B8-C9D0-1234-5678-EF1234567890}"
EndProject
Global
	GlobalSection(SolutionConfigurationPlatforms) = preSolution
		Debug|Any CPU = Debug|Any CPU
		Release|Any CPU = Release|Any CPU
	EndGlobalSection
	GlobalSection(ProjectConfigurationPlatforms) = postSolution
		{A1B2C3D4-E5F6-7890-1234-ABCDEF123456}.Debug|Any CPU.ActiveCfg = Debug|Any CPU
		{A1B2C3D4-E5F6-7890-1234-ABCDEF123456}.Debug|Any CPU.Build.0 = Debug|Any CPU
		{A1B2C3D4-E5F6-7890-1234-ABCDEF123456}.Release|Any CPU.ActiveCfg = Release|Any CPU
		{A1B2C3D4-E5F6-7890-1234-ABCDEF123456}.Release|Any CPU.Build.0 = Release|Any CPU
		{B2C3D4E5-F6A7-8901-2345-BCDEF1234567}.Debug|Any CPU.ActiveCfg = Debug|Any CPU
		{B2C3D4E5-F6A7-8901-2345-BCDEF1234567}.Debug|Any CPU.Build.0 = Debug|Any CPU
		{B2C3D4E5-F6A7-8901-2345-BCDEF1234567}.Release|Any CPU.ActiveCfg = Release|Any CPU
		{B2C3D4E5-F6A7-8901-2345-BCDEF1234567}.Release|Any CPU.Build.0 = Release|Any CPU
		{C3D4E5F6-A7B8-9012-3456-CDEF12345678}.Debug|Any CPU.ActiveCfg = Debug|Any CPU
		{C3D4E5F6-A7B8-9012-3456-CDEF12345678}.Debug|Any CPU.Build.0 = Debug|Any CPU
		{C3D4E5F6-A7B8-9012-3456-CDEF12345678}.Release|Any CPU.ActiveCfg = Release|Any CPU
		{C3D4E5F6-A7B8-9012-3456-CDEF12345678}.Release|Any CPU.Build.0 = Release|Any CPU
		{D4E5F6A7-B8C9-0123-4567-DEF123456789}.Debug|Any CPU.ActiveCfg = Debug|Any CPU
		{D4E5F6A7-B8C9-0123-4567-DEF123456789}.Debug|Any CPU.Build.0 = Debug|Any CPU
		{D4E5F6A7-B8C9-0123-4567-DEF123456789}.Release|Any CPU.ActiveCfg = Release|Any CPU
		{D4E5F6A7-B8C9-0123-4567-DEF123456789}.Release|Any CPU.Build.0 = Release|Any CPU
		{E5F6A7B8-C9D0-1234-5678-EF1234567890}.Debug|Any CPU.ActiveCfg = Debug|Any CPU
		{E5F6A7B8-C9D0-1234-5678-EF1234567890}.Debug|Any CPU.Build.0 = Debug|Any CPU
		{E5F6A7B8-C9D0-1234-5678-EF1234567890}.Release|Any CPU.ActiveCfg = Release|Any CPU
		{E5F6A7B8-C9D0-1234-5678-EF1234567890}.Release|Any CPU.Build.0 = Release|Any CPU
	EndGlobalSection
EndGlobal
