<Solution>
  <Folder Name="/src/">
    <Project Path="src/ConfigService.API/ConfigService.API.csproj" />
    <Project Path="src/ConfigService.Application/ConfigService.Application.csproj" />
    <Project Path="src/ConfigService.AzureFunctions/ConfigService.AzureFunctions.csproj" />
    <Project Path="src/ConfigService.Domain/ConfigService.Domain.csproj" />
    <Project Path="src/ConfigService.Infrastructure/ConfigService.Infrastructure.csproj" />
  </Folder>
</Solution>
