Microsoft Visual Studio Solution File, Format Version 12.00
# Visual Studio Version 17
VisualStudioVersion = 17.5.2.0
MinimumVisualStudioVersion = 10.0.40219.1
Project("{FAE04EC0-301F-11D3-BF4B-00C04F79EFBC}") = "FinanceService", "FinanceService.csproj", "{0AE5DA24-8F3A-B5CA-EF2F-5E37ABEF2EA4}"
EndProject
Global
	GlobalSection(SolutionConfigurationPlatforms) = preSolution
		Debug|Any CPU = Debug|Any CPU
		Release|Any CPU = Release|Any CPU
	EndGlobalSection
	GlobalSection(ProjectConfigurationPlatforms) = postSolution
		{0AE5DA24-8F3A-B5CA-EF2F-5E37ABEF2EA4}.Debug|Any CPU.ActiveCfg = Debug|Any CPU
		{0AE5DA24-8F3A-B5CA-EF2F-5E37ABEF2EA4}.Debug|Any CPU.Build.0 = Debug|Any CPU
		{0AE5DA24-8F3A-B5CA-EF2F-5E37ABEF2EA4}.Release|Any CPU.ActiveCfg = Release|Any CPU
		{0AE5DA24-8F3A-B5CA-EF2F-5E37ABEF2EA4}.Release|Any CPU.Build.0 = Release|Any CPU
	EndGlobalSection
	GlobalSection(SolutionProperties) = preSolution
		HideSolutionNode = FALSE
	EndGlobalSection
	GlobalSection(ExtensibilityGlobals) = postSolution
		SolutionGuid = {363C31C2-F4B3-46D0-BE46-AC60A2870AA4}
	EndGlobalSection
EndGlobal
