<Solution>
  <Folder Name="/src/">
    <Project Path="src/TimesheetService.API/TimesheetService.API.csproj" />
    <Project Path="src/TimesheetService.Application/TimesheetService.Application.csproj" />
    <Project Path="src/TimesheetService.Domain/TimesheetService.Domain.csproj" />
    <Project Path="src/TimesheetService.Functions/TimesheetService.Functions.csproj" />
    <Project Path="src/TimesheetService.Infrastructure/TimesheetService.Infrastructure.csproj" />
  </Folder>
</Solution>
