<Solution>
  <Project Path="src/LeaveServices.API/LeaveServices.API.csproj" />
  <Project Path="src/LeaveServices.Application/LeaveServices.Application.csproj" />
  <Project Path="src/LeaveServices.Domain/LeaveServices.Domain.csproj" />
  <Project Path="src/LeaveServices.Functions/LeaveServices.Functions.csproj" />
  <Project Path="src/LeaveServices.Infrastructure/LeaveServices.Infrastructure.csproj" />
</Solution>
