<Solution>
  <Folder Name="/src/">
    <Project Path="src/ShipmentService.API/ShipmentService.API.csproj" />
    <Project Path="src/ShipmentService.Application/ShipmentService.Application.csproj" />
    <Project Path="src/ShipmentService.Domain/ShipmentService.Domain.csproj" />
    <Project Path="src/ShipmentService.Functions/ShipmentService.Functions.csproj" />
    <Project Path="src/ShipmentService.Infrastructure/ShipmentService.Infrastructure.csproj" />
  </Folder>
</Solution>
