<Solution>
  <Folder Name="/src/">
    <Project Path="src/ExitManagement.API/ExitManagement.API.csproj" />
    <Project Path="src/ExitManagement.Application/ExitManagement.Application.csproj" />
    <Project Path="src/ExitManagement.Domain/ExitManagement.Domain.csproj" />
    <Project Path="src/ExitManagement.Functions/ExitManagement.Functions.csproj" />
    <Project Path="src/ExitManagement.Infrastructure/ExitManagement.Infrastructure.csproj" />
  </Folder>
</Solution>
