<Solution>
  <Project Path="EmployeeRelations.API/EmployeeRelations.API.csproj" />
  <Project Path="EmployeeRelations.Application/EmployeeRelations.Application.csproj" />
  <Project Path="EmployeeRelations.Domain/EmployeeRelations.Domain.csproj" />
  <Project Path="EmployeeRelations.Functions/EmployeeRelations.Functions.csproj" />
  <Project Path="EmployeeRelations.Infrastructure/EmployeeRelations.Infrastructure.csproj" />
</Solution>
