<Solution>
  <Folder Name="/src/">
    <Project Path="src/TourServices.API/TourServices.API.csproj" />
    <Project Path="src/TourServices.Application/TourServices.Application.csproj" />
    <Project Path="src/TourServices.Domain/TourServices.Domain.csproj" />
    <Project Path="src/TourServices.Functions/TourServices.Functions.csproj" />
    <Project Path="src/TourServices.Infrastructure/TourServices.Infrastructure.csproj" />
  </Folder>
</Solution>
