<Solution>
  <Folder Name="/src/">
    <Project Path="src/ClubMembershipService.API/ClubMembershipService.API.csproj" />
    <Project Path="src/ClubMembershipService.Application/ClubMembershipService.Application.csproj" />
    <Project Path="src/ClubMembershipService.Domain/ClubMembershipService.Domain.csproj" />
    <Project Path="src/ClubMembershipService.Functions/ClubMembershipService.Functions.csproj" />
    <Project Path="src/ClubMembershipService.Infrastructure/ClubMembershipService.Infrastructure.csproj" />
  </Folder>
</Solution>
