<Solution>
  <Folder Name="/functions/">
    <Project Path="functions/BatchAndEnvelopeService.Functions/BatchAndEnvelopeService.Functions.csproj" />
  </Folder>
  <Folder Name="/src/">
    <Project Path="src/BatchAndEnvelopeService.API/BatchAndEnvelopeService.API.csproj" />
    <Project Path="src/BatchAndEnvelopeService.Application/BatchAndEnvelopeService.Application.csproj" />
    <Project Path="src/BatchAndEnvelopeService.Domain/BatchAndEnvelopeService.Domain.csproj" />
    <Project Path="src/BatchAndEnvelopeService.Infrastructure/BatchAndEnvelopeService.Infrastructure.csproj" />
  </Folder>
  <Folder Name="/tests/">
    <Project Path="tests/BatchAndEnvelopeService.Tests/BatchAndEnvelopeService.Tests.csproj" />
  </Folder>
</Solution>
