<Solution>
  <Folder Name="/src/">
    <Project Path="src/DevelopmentService.API/DevelopmentService.API.csproj" />
    <Project Path="src/DevelopmentService.Application/DevelopmentService.Application.csproj" />
    <Project Path="src/DevelopmentService.Domain/DevelopmentService.Domain.csproj" />
    <Project Path="src/DevelopmentService.Infrastructure/DevelopmentService.Infrastructure.csproj" />
  </Folder>
</Solution>
