<Solution>
  <Folder Name="/src/">
    <Project Path="src/RequestServices.API/RequestServices.API.csproj" />
    <Project Path="src/RequestServices.Application/RequestServices.Application.csproj" />
    <Project Path="src/RequestServices.Domain/RequestServices.Domain.csproj" />
    <Project Path="src/RequestServices.Functions/RequestServices.Functions.csproj" />
    <Project Path="src/RequestServices.Infrastructure/RequestServices.Infrastructure.csproj" />
  </Folder>
</Solution>
