<Solution>
  <Folder Name="/src/">
    <Project Path="src/OrganizationSetup.API/OrganizationSetup.API.csproj" />
    <Project Path="src/OrganizationSetup.Application/OrganizationSetup.Application.csproj" />
    <Project Path="src/OrganizationSetup.Domain/OrganizationSetup.Domain.csproj" />
    <Project Path="src/OrganizationSetup.Functions/OrganizationSetup.Functions.csproj" />
    <Project Path="src/OrganizationSetup.Infrastructure/OrganizationSetup.Infrastructure.csproj" />
  </Folder>
</Solution>
