<Solution>
  <Folder Name="/src/">
    <Project Path="src/ReferenceDataService.API/ReferenceDataService.API.csproj" />
    <Project Path="src/ReferenceDataService.Application/ReferenceDataService.Application.csproj" />
    <Project Path="src/ReferenceDataService.Domain/ReferenceDataService.Domain.csproj" />
    <Project Path="src/ReferenceDataService.Functions/ReferenceDataService.Functions.csproj" />
    <Project Path="src/ReferenceDataService.Infrastructure/ReferenceDataService.Infrastructure.csproj" />
  </Folder>
</Solution>
