<Solution>
  <Folder Name="/src/">
    <Project Path="src/Document.API/Document.API.csproj" />
    <Project Path="src/Document.Application/Document.Application.csproj" />
    <Project Path="src/Document.Domain/Document.Domain.csproj" />
    <Project Path="src/Document.Functions/Document.Functions.csproj" />
    <Project Path="src/Document.Infrastructure/Document.Infrastructure.csproj" />
  </Folder>
</Solution>
