<Solution>
  <Folder Name="/src/">
    <Project Path="src/RiskService.API/RiskService.API.csproj" />
    <Project Path="src/RiskService.Application/RiskService.Application.csproj" />
    <Project Path="src/RiskService.Domain/RiskService.Domain.csproj" />
    <Project Path="src/RiskService.Functions/RiskService.Functions.csproj" />
    <Project Path="src/RiskService.Infrastructure/RiskService.Infrastructure.csproj" />
  </Folder>
</Solution>
