<Solution>
  <Folder Name="/src/">
    <Project Path="src/ScholarshipService.API/ScholarshipService.API.csproj" />
    <Project Path="src/ScholarshipService.Application/ScholarshipService.Application.csproj" />
    <Project Path="src/ScholarshipService.Domain/ScholarshipService.Domain.csproj" />
    <Project Path="src/ScholarshipService.Infrastructure/ScholarshipService.Infrastructure.csproj" />
  </Folder>
</Solution>
