<Solution>
  <Folder Name="/src/">
    <Project Path="src/TimeSheetService.API/TimeSheetService.API.csproj" />
    <Project Path="src/TimeSheetService.Application/TimeSheetService.Application.csproj" />
    <Project Path="src/TimeSheetService.Domain/TimeSheetService.Domain.csproj" />
    <Project Path="src/TimeSheetService.Functions/TimeSheetService.Functions.csproj" />
    <Project Path="src/TimeSheetService.Infrastructure/TimeSheetService.Infrastructure.csproj" />
  </Folder>
</Solution>
