<Solution>
  <Folder Name="/src/">
    <Project Path="src/MamAllocationService.Api/MamAllocationService.Api.csproj" />
    <Project Path="src/MamAllocationService.Application/MamAllocationService.Application.csproj" />
    <Project Path="src/MamAllocationService.Domain/MamAllocationService.Domain.csproj" />
    <Project Path="src/MamAllocationService.Functions/MamAllocationService.Functions.csproj" />
    <Project Path="src/MamAllocationService.Infrastructure/MamAllocationService.Infrastructure.csproj" />
  </Folder>
</Solution>
