<Solution>
  <Folder Name="/src/">
    <Project Path="src/DispatchPlanning.API/DispatchPlanning.API.csproj" />
    <Project Path="src/DispatchPlanning.Application/DispatchPlanning.Application.csproj" />
    <Project Path="src/DispatchPlanning.Domain/DispatchPlanning.Domain.csproj" />
    <Project Path="src/DispatchPlanning.Functions/DispatchPlanning.Functions.csproj" />
    <Project Path="src/DispatchPlanning.Infrastructure/DispatchPlanning.Infrastructure.csproj" />
  </Folder>
</Solution>
