<Solution>
  <Folder Name="/src/">
    <Project Path="src/TaxService.API/TaxService.API.csproj" />
    <Project Path="src/TaxService.Application/TaxService.Application.csproj" />
    <Project Path="src/TaxService.Background/TaxService.Background.csproj" />
    <Project Path="src/TaxService.Domain/TaxService.Domain.csproj" />
    <Project Path="src/TaxService.Infrastructure/TaxService.Infrastructure.csproj" />
  </Folder>
</Solution>
