<Solution>
  <Project Path="EligibilityService.API/EligibilityService.API.csproj" />
  <Project Path="EligibilityService.Application/EligibilityService.Application.csproj" />
  <Project Path="EligibilityService.Domain/EligibilityService.Domain.csproj" />
  <Project Path="EligibilityService.Functions/EligibilityService.Functions.csproj" />
  <Project Path="EligibilityService.Infrastructure/EligibilityService.Infrastructure.csproj" />
</Solution>
