<Solution>
  <Folder Name="/src/">
    <Project Path="src/TrainingDevelopment.API/TrainingDevelopment.API.csproj" />
    <Project Path="src/TrainingDevelopment.Application/TrainingDevelopment.Application.csproj" />
    <Project Path="src/TrainingDevelopment.Domain/TrainingDevelopment.Domain.csproj" />
    <Project Path="src/TrainingDevelopment.Functions/TrainingDevelopment.Functions.csproj" />
    <Project Path="src/TrainingDevelopment.Infrastructure/TrainingDevelopment.Infrastructure.csproj" />
  </Folder>
</Solution>
