<Solution>
  <Folder Name="/src/">
    <Project Path="src/PurchaseOrderService.API/PurchaseOrderService.API.csproj" />
    <Project Path="src/PurchaseOrderService.Application/PurchaseOrderService.Application.csproj" />
    <Project Path="src/PurchaseOrderService.Domain/PurchaseOrderService.Domain.csproj" />
    <Project Path="src/PurchaseOrderService.Functions/PurchaseOrderService.Functions.csproj" />
    <Project Path="src/PurchaseOrderService.Infrastructure/PurchaseOrderService.Infrastructure.csproj" />
  </Folder>
  <Folder Name="/tests/">
    <Project Path="tests/PurchaseOrderService.UnitTests/PurchaseOrderService.UnitTests.csproj" />
  </Folder>
</Solution>
