<Solution>
  <Folder Name="/src/">
    <Project Path="src/MasterDataService.API/MasterDataService.API.csproj" />
    <Project Path="src/MasterDataService.Application/MasterDataService.Application.csproj" />
    <Project Path="src/MasterDataService.Domain/MasterDataService.Domain.csproj" />
    <Project Path="src/MasterDataService.Functions/MasterDataService.Functions.csproj" />
    <Project Path="src/MasterDataService.Infrastructure/MasterDataService.Infrastructure.csproj" />
  </Folder>
</Solution>
