<Solution>
  <Folder Name="/src/">
    <Project Path="src/PFTransactionalService.API/PFTransactionalService.API.csproj" />
    <Project Path="src/PFTransactionalService.Application/PFTransactionalService.Application.csproj" />
    <Project Path="src/PFTransactionalService.Domain/PFTransactionalService.Domain.csproj" />
    <Project Path="src/PFTransactionalService.Infrastructure/PFTransactionalService.Infrastructure.csproj" />
    <Project Path="src/PFTransactionalService.Functions/PFTransactionalService.Functions.csproj" />
  </Folder>
</Solution>
