<Solution>
  <Folder Name="/src/">
    <Project Path="src/ProductionManagement.API/ProductionManagement.API.csproj" />
    <Project Path="src/ProductionManagement.Application/ProductionManagement.Application.csproj" />
    <Project Path="src/ProductionManagement.Domain/ProductionManagement.Domain.csproj" />
    <Project Path="src/ProductionManagement.Functions/ProductionManagement.Functions.csproj" />
    <Project Path="src/ProductionManagement.Infrastructure/ProductionManagement.Infrastructure.csproj" />
  </Folder>
</Solution>
