<Solution>
  <Folder Name="/src/">
    <Project Path="src/Masters.API/Masters.API.csproj" />
    <Project Path="src/Masters.Application/Masters.Application.csproj" />
    <Project Path="src/Masters.Domain/Masters.Domain.csproj" />
    <Project Path="src/Masters.Functions/Masters.Functions.csproj" />
    <Project Path="src/Masters.Infrastructure/Masters.Infrastructure.csproj" />
  </Folder>
</Solution>
