<Solution>
  <Folder Name="/src/">
    <Project Path="src/StrategicStock.API/StrategicStock.API.csproj" />
    <Project Path="src/StrategicStock.Application/StrategicStock.Application.csproj" />
    <Project Path="src/StrategicStock.Domain/StrategicStock.Domain.csproj" />
    <Project Path="src/StrategicStock.Functions/StrategicStock.Functions.csproj" />
    <Project Path="src/StrategicStock.Infrastructure/StrategicStock.Infrastructure.csproj" />
  </Folder>
</Solution>
