
Microsoft Visual Studio Solution File, Format Version 12.00
# Visual Studio Version 18
VisualStudioVersion = 18.1.11304.174 d18.0
MinimumVisualStudioVersion = 10.0.40219.1
Project("{FAE04EC0-301F-11D3-BF4B-00C04F79EFBC}") = "FindingsAPI.Gateway", "FindingsAPI.Gateway.csproj", "{B9D4C7AB-7448-BA1C-664A-8BD2D10F8DBF}"
EndProject
Global
	GlobalSection(SolutionConfigurationPlatforms) = preSolution
		Debug|Any CPU = Debug|Any CPU
		Release|Any CPU = Release|Any CPU
	EndGlobalSection
	GlobalSection(ProjectConfigurationPlatforms) = postSolution
		{B9D4C7AB-7448-BA1C-664A-8BD2D10F8DBF}.Debug|Any CPU.ActiveCfg = Debug|Any CPU
		{B9D4C7AB-7448-BA1C-664A-8BD2D10F8DBF}.Debug|Any CPU.Build.0 = Debug|Any CPU
		{B9D4C7AB-7448-BA1C-664A-8BD2D10F8DBF}.Release|Any CPU.ActiveCfg = Release|Any CPU
		{B9D4C7AB-7448-BA1C-664A-8BD2D10F8DBF}.Release|Any CPU.Build.0 = Release|Any CPU
	EndGlobalSection
	GlobalSection(SolutionProperties) = preSolution
		HideSolutionNode = FALSE
	EndGlobalSection
	GlobalSection(ExtensibilityGlobals) = postSolution
		SolutionGuid = {38118412-782B-4FE6-A8D2-9627D5517428}
	EndGlobalSection
EndGlobal
