<Solution>
  <Folder Name="/src/">
    <Project Path="src/CategoryAndVendorService.API/CategoryAndVendorService.API.csproj" />
    <Project Path="src/CategoryAndVendorService.Application/CategoryAndVendorService.Application.csproj" />
    <Project Path="src/CategoryAndVendorService.Domain/CategoryAndVendorService.Domain.csproj" />
    <Project Path="src/CategoryAndVendorService.Functions/CategoryAndVendorService.Functions.csproj" />
    <Project Path="src/CategoryAndVendorService.Infrastructure/CategoryAndVendorService.Infrastructure.csproj" />
  </Folder>
</Solution>
