<Solution>
  <Folder Name="/src/">
    <Project Path="src/TourPlanService.API/TourPlanService.API.csproj" />
    <Project Path="src/TourPlanService.Application/TourPlanService.Application.csproj" />
    <Project Path="src/TourPlanService.Domain/TourPlanService.Domain.csproj" />
    <Project Path="src/TourPlanService.Functions/TourPlanService.Functions.csproj" />
    <Project Path="src/TourPlanService.Infrastructure/TourPlanService.Infrastructure.csproj" />
  </Folder>
</Solution>
