<Solution>
  <Project Path="BookingService.API/BookingService.API.csproj" />
  <Project Path="BookingService.Application/BookingService.Application.csproj" />
  <Project Path="BookingService.Domain/BookingService.Domain.csproj" />
  <Project Path="BookingService.Functions.csproj" />
  <Project Path="BookingService.Infrastructure/BookingService.Infrastructure.csproj" />
</Solution>
