<Solution>
  <Folder Name="/src/">
    <Project Path="src/BankService.API/BankService.API.csproj" />
    <Project Path="src/BankService.Application/BankService.Application.csproj" />
    <Project Path="src/BankService.Domain/BankService.Domain.csproj" />
    <Project Path="src/BankService.Functions/BankService.Functions.csproj" />
    <Project Path="src/BankService.Infrastructure/BankService.Infrastructure.csproj" />
  </Folder>
</Solution>
