<Solution>
  <Folder Name="/src/">
    <Project Path="src/BatchService.API/BatchService.API.csproj" />
    <Project Path="src/BatchService.Application/BatchService.Application.csproj" />
    <Project Path="src/BatchService.Domain/BatchService.Domain.csproj" />
    <Project Path="src/BatchService.Functions/BatchService.Functions.csproj" />
    <Project Path="src/BatchService.Infrastructure/BatchService.Infrastructure.csproj" />
  </Folder>
</Solution>
