<Solution>
  <Folder Name="/functions/">
    <Project Path="functions/AimsTransactionService.Functions/AimsTransactionService.Functions.csproj" />
  </Folder>
  <Folder Name="/src/">
    <Project Path="src/AimsTransactionService.API/AimsTransactionService.API.csproj" />
    <Project Path="src/AimsTransactionService.Application/AimsTransactionService.Application.csproj" />
    <Project Path="src/AimsTransactionService.Domain/AimsTransactionService.Domain.csproj" />
    <Project Path="src/AimsTransactionService.Infrastructure/AimsTransactionService.Infrastructure.csproj" />
  </Folder>
</Solution>
