<Solution>
  <Folder Name="/src/">
    <Project Path="src/LoanTransaction.API/LoanTransaction.API.csproj" />
    <Project Path="src/LoanTransaction.Application/LoanTransaction.Application.csproj" />
    <Project Path="src/LoanTransaction.Domain/LoanTransaction.Domain.csproj" />
    <Project Path="src/LoanTransaction.Functions/LoanTransaction.Functions.csproj" />
    <Project Path="src/LoanTransaction.Infrastructure/LoanTransaction.Infrastructure.csproj" />
  </Folder> 
</Solution>
