<Solution>
  <Folder Name="/src/">
    <Project Path="src/RecruitmentService.API/RecruitmentService.API.csproj" />
    <Project Path="src/RecruitmentService.Application/RecruitmentService.Application.csproj" />
    <Project Path="src/RecruitmentService.Domain/RecruitmentService.Domain.csproj" />
    <Project Path="src/RecruitmentService.Infrastructure/RecruitmentService.Infrastructure.csproj" />
  </Folder>
</Solution>
