<Solution>
  <Project Path="OtherService.API/OtherService.API.csproj" />
  <Project Path="OtherService.Application/OtherService.Application.csproj" />
  <Project Path="OtherService.Domain/OtherService.Domain.csproj" />
  <Project Path="OtherService.Functions/OtherService.Functions.csproj" />
  <Project Path="OtherService.Infrastructure/OtherService.Infrastructure.csproj" />
</Solution>
