<Solution>
  <Folder Name="/src/">
    <Project Path="src/TravelService.API/TravelService.API.csproj" />
    <Project Path="src/TravelService.Application/TravelService.Application.csproj" />
    <Project Path="src/TravelService.Domain/TravelService.Domain.csproj" />
    <Project Path="src/TravelService.Functions/TravelService.Functions.csproj" />
    <Project Path="src/TravelService.Infrastructure/TravelService.Infrastructure.csproj" />
  </Folder>
</Solution>
