<Solution>
  <Folder Name="/src/">
    <Project Path="src/HRDocumentService.API/HRDocumentService.API.csproj" />
    <Project Path="src/HRDocumentService.Application/HRDocumentService.Application.csproj" />
    <Project Path="src/HRDocumentService.Domain/HRDocumentService.Domain.csproj" />
    <Project Path="src/HRDocumentService.Functions/HRDocumentService.Functions.csproj" />
    <Project Path="src/HRDocumentService.Infrastructure/HRDocumentService.Infrastructure.csproj" />
  </Folder>
</Solution>
