<Solution>
  <Folder Name="/src/">
    <Project Path="src/BusServices.API/BusServices.API.csproj" />
    <Project Path="src/BusServices.Application/BusServices.Application.csproj" />
    <Project Path="src/BusServices.Domain/BusServices.Domain.csproj" />
    <Project Path="src/BusServices.Functions/BusServices.Functions.csproj" />
    <Project Path="src/BusServices.Infrastructure/BusServices.Infrastructure.csproj" />
  </Folder>
</Solution>
