<Solution>
  <Folder Name="/src/">
    <Project Path="src/SettlementService.API/SettlementService.API.csproj" />
    <Project Path="src/SettlementService.Application/SettlementService.Application.csproj" />
    <Project Path="src/SettlementService.Domain/SettlementService.Domain.csproj" />
    <Project Path="src/SettlementService.Functions/SettlementService.Functions.csproj" />
    <Project Path="src/SettlementService.Infrastructure/SettlementService.Infrastructure.csproj" />
  </Folder>
</Solution>
