<Solution>
  <Folder Name="/src/">
    <Project Path="src/ArchiveService.API/ArchiveService.API.csproj" />
    <Project Path="src/ArchiveService.Application/ArchiveService.Application.csproj" />
    <Project Path="src/ArchiveService.Domain/ArchiveService.Domain.csproj" />
    <Project Path="src/ArchiveService.Functions/ArchiveService.Functions.csproj" />
    <Project Path="src/ArchiveService.Infrastructure/ArchiveService.Infrastructure.csproj" />
  </Folder>
</Solution>
