<Solution>
  <Project Path="WebsiteContentService.API/WebsiteContentService.API.csproj" />
  <Project Path="WebsiteContentService.Application/WebsiteContentService.Application.csproj" />
  <Project Path="WebsiteContentService.AzureFunctions/WebsiteContentService.AzureFunctions.csproj" />
  <Project Path="WebsiteContentService.Domain/WebsiteContentService.Domain.csproj" />
  <Project Path="WebsiteContentService.Infrastructure/WebsiteContentService.Infrastructure.csproj" />
</Solution>
