<Solution>
  <Project Path="ItemMasterService.API/ItemMasterService.API.csproj" />
  <Project Path="ItemMasterService.Application/ItemMasterService.Application.csproj" />
  <Project Path="ItemMasterService.Domain/ItemMasterService.Domain.csproj" />
  <Project Path="ItemMasterService.Functions/ItemMasterService.Functions.csproj" />
  <Project Path="ItemMasterService.Infrastructure/ItemMasterService.Infrastructure.csproj" />
  <Project Path="ItemMasterService.Tests/ItemMasterService.Tests.csproj" />
</Solution>
