<Solution>
  <Folder Name="/ComplaintService/" />
  <Folder Name="/ComplaintService/src/">
    <Project Path="ComplaintService/src/ComplaintService.API/ComplaintService.API.csproj" />
    <Project Path="ComplaintService/src/ComplaintService.Application/ComplaintService.Application.csproj" />
    <Project Path="ComplaintService/src/ComplaintService.Domain/ComplaintService.Domain.csproj" />
    <Project Path="ComplaintService/src/ComplaintService.Functions/ComplaintService.Functions.csproj" />
    <Project Path="ComplaintService/src/ComplaintService.Infrastructure/ComplaintService.Infrastructure.csproj" />
  </Folder>
</Solution>
