<Solution>
  <Folder Name="/src/">
    <Project Path="src/LocationServices.API/LocationServices.API.csproj" />
    <Project Path="src/LocationServices.Application/LocationServices.Application.csproj" />
    <Project Path="src/LocationServices.Domain/LocationServices.Domain.csproj" />
    <Project Path="src/LocationServices.Infrastructure/LocationServices.Infrastructure.csproj" />
  </Folder>
</Solution>
