<Solution>
  <Folder Name="/src/">
    <Project Path="src/SupplierService.API/SupplierService.API.csproj" />
    <Project Path="src/SupplierService.Application/SupplierService.Application.csproj" />
    <Project Path="src/SupplierService.Domain/SupplierService.Domain.csproj" />
    <Project Path="src/SupplierService.Functions/SupplierService.Functions.csproj" />
    <Project Path="src/SupplierService.Infrastructure/SupplierService.Infrastructure.csproj" />
  </Folder>
</Solution>
