<Solution>
  <Folder Name="/functions/">
    <Project Path="functions/VisitorServices.Functions/VisitorServices.Functions.csproj" />
  </Folder>
  <Folder Name="/src/">
    <Project Path="src/VisitorServices.API/VisitorServices.API.csproj" />
    <Project Path="src/VisitorServices.Application/VisitorServices.Application.csproj" />
    <Project Path="src/VisitorServices.Domain/VisitorServices.Domain.csproj" />
    <Project Path="src/VisitorServices.Infrastructure/VisitorServices.Infrastructure.csproj" />
  </Folder>
</Solution>
