<Solution>
  <Folder Name="/src/">
    <Project Path="src/VehicleTracking.API/VehicleTracking.API.csproj" />
    <Project Path="src/VehicleTracking.Application/VehicleTracking.Application.csproj" />
    <Project Path="src/VehicleTracking.Domain/VehicleTracking.Domain.csproj" />
    <Project Path="src/VehicleTracking.Functions/VehicleTracking.Functions.csproj" />
    <Project Path="src/VehicleTracking.Infrastructure/VehicleTracking.Infrastructure.csproj" />
  </Folder>
</Solution>
