<Solution>
  <Folder Name="/src/">
    <Project Path="src/ExpenseService.API/ExpenseService.API.csproj" />
    <Project Path="src/ExpenseService.Application/ExpenseService.Application.csproj" />
    <Project Path="src/ExpenseService.Domain/ExpenseService.Domain.csproj" />
    <Project Path="src/ExpenseService.Functions/ExpenseService.Functions.csproj" />
    <Project Path="src/ExpenseService.Infrastructure/ExpenseService.Infrastructure.csproj" />
  </Folder>
</Solution>
