<Solution>
  <Project Path="PayTransactionalService.API/PayTransactionalService.API.csproj" />
  <Project Path="PayTransactionalService.Application/PayTransactionalService.Application.csproj" />
  <Project Path="PayTransactionalService.Domain/PayTransactionalService.Domain.csproj" />
  <Project Path="PayTransactionalService.Functions/PayTransactionalService.Functions.csproj" />
  <Project Path="PayTransactionalService.Infrastructure/PayTransactionalService.Infrastructure.csproj" />
</Solution>
