<Solution>
  <Folder Name="/src/">
    <Project Path="src/InvestmentService.API/InvestmentService.API.csproj" />
    <Project Path="src/InvestmentService.Application/InvestmentService.Application.csproj" />
    <Project Path="src/InvestmentService.Domain/InvestmentService.Domain.csproj" />
    <Project Path="src/InvestmentService.Functions/InvestmentService.Functions.csproj" />
    <Project Path="src/InvestmentService.Infrastructure/InvestmentService.Infrastructure.csproj" />
  </Folder>
</Solution>
