<Solution>
  <Project Path="DemandManagement.API/DemandManagement.API.csproj" />
  <Project Path="DemandManagement.Application/DemandManagement.Application.csproj" />
  <Project Path="DemandManagement.Domain/DemandManagement.Domain.csproj" />
  <Project Path="DemandManagement.Infrastructure/DemandManagement.Infrastructure.csproj" />
</Solution>
