<Solution>
  <Folder Name="/src/">
    <Project Path="src/EximManagement.API/EximManagement.API.csproj" />
    <Project Path="src/EximManagement.Application/EximManagement.Application.csproj" />
    <Project Path="src/EximManagement.Domain/EximManagement.Domain.csproj" />
    <Project Path="src/EximManagement.Functions/EximManagement.Functions.csproj" />
    <Project Path="src/EximManagement.Infrastructure/EximManagement.Infrastructure.csproj" />
  </Folder>
</Solution>
