<Solution>
  <Folder Name="/src/">
    <Project Path="src/CourseService.API/CourseService.API.csproj" />
    <Project Path="src/CourseService.Application/CourseService.Application.csproj" />
    <Project Path="src/CourseService.Domain/CourseService.Domain.csproj" />
    <Project Path="src/CourseService.Infrastructure/CourseService.Infrastructure.csproj" />
  </Folder>
</Solution>
