<Solution>
  <Folder Name="/functions/">
    <Project Path="functions/EmployeeTransactionsService.Functions/EmployeeTransactionsService.Functions.csproj" />
  </Folder>
  <Folder Name="/src/">
    <Project Path="src/EmployeeTransactionsService.API/EmployeeTransactionsService.API.csproj" />
    <Project Path="src/EmployeeTransactionsService.Application/EmployeeTransactionsService.Application.csproj" />
    <Project Path="src/EmployeeTransactionsService.Domain/EmployeeTransactionsService.Domain.csproj" />
    <Project Path="src/EmployeeTransactionsService.Infrastructure/EmployeeTransactionsService.Infrastructure.csproj" />
  </Folder>
</Solution>
