<Solution>
  <Project Path="ObjectiveService.API/ObjectiveService.API.csproj" />
  <Project Path="ObjectiveService.Application/ObjectiveService.Application.csproj" />
  <Project Path="ObjectiveService.AzureFunctions/ObjectiveService.AzureFunctions.csproj" />
  <Project Path="ObjectiveService.Domain/ObjectiveService.Domain.csproj" />
  <Project Path="ObjectiveService.Infrastructure/ObjectiveService.Infrastructure.csproj" />
</Solution>
