<Solution>
  <Folder Name="/src/">
    <Project Path="src/AttendanceService.API/AttendanceService.API.csproj" />
    <Project Path="src/AttendanceService.Application/AttendanceService.Application.csproj" />
    <Project Path="src/AttendanceService.Domain/AttendanceService.Domain.csproj" />
    <Project Path="src/AttendanceService.Functions/AttendanceService.Functions.csproj" />
    <Project Path="src/AttendanceService.Infrastructure/AttendanceService.Infrastructure.csproj" />
  </Folder>
</Solution>
