<Solution>
  <Project Path="src\SciTransactional.Domain\SciTransactional.Domain.csproj" />
  <Project Path="src\SciTransactional.Application\SciTransactional.Application.csproj" />
  <Project Path="src\SciTransactional.Infrastructure\SciTransactional.Infrastructure.csproj" />
  <Project Path="src\SciTransactional.API\SciTransactional.API.csproj" />
  <Project Path="src\SciTransactional.Functions\SciTransactional.Functions.csproj" />
</Solution>
