<Solution>
  <Folder Name="/src/">
    <Project Path="src/travelTransactionService.API/travelTransactionService.API.csproj" />
    <Project Path="src/travelTransactionService.Application/travelTransactionService.Application.csproj" />
    <Project Path="src/travelTransactionService.Domain/travelTransactionService.Domain.csproj" />
    <Project Path="src/travelTransactionService.Functions/travelTransactionService.Functions.csproj" />
    <Project Path="src/travelTransactionService.Infrastructure/travelTransactionService.Infrastructure.csproj" />
  </Folder>
</Solution>
