<Solution>
  <Folder Name="/src/">
    <Project Path="src/GSTComplianceService.API/GSTComplianceService.API.csproj" />
    <Project Path="src/GSTComplianceService.Application/GSTComplianceService.Application.csproj" />
    <Project Path="src/GSTComplianceService.Domain/GSTComplianceService.Domain.csproj" />
    <Project Path="src/GSTComplianceService.Functions/GSTComplianceService.Functions.csproj" />
    <Project Path="src/GSTComplianceService.Infrastructure/GSTComplianceService.Infrastructure.csproj" />
  </Folder>
</Solution>
