<Solution>
  <Folder Name="/AzureFunctions/">
    <Project Path="AzureFunctions/AuditService.Functions/AuditService.Functions.csproj" />
  </Folder>
  <Folder Name="/src/">
    <Project Path="src/AuditService.API/AuditService.API.csproj" />
    <Project Path="src/AuditService.Application/AuditService.Application.csproj" />
    <Project Path="src/AuditService.Domain/AuditService.Domain.csproj" />
    <Project Path="src/AuditService.Infrastructure/AuditService.Infrastructure.csproj" />
  </Folder>
</Solution>
