<Solution>
  <Folder Name="/src/">
    <Project Path="src/IntegrationService.API/IntegrationService.API.csproj" />
    <Project Path="src/IntegrationService.Application/IntegrationService.Application.csproj" />
    <Project Path="src/IntegrationService.Domain/IntegrationService.Domain.csproj" />
    <Project Path="src/IntegrationService.Functions/IntegrationService.Functions.csproj" />
    <Project Path="src/IntegrationService.Infrastructure/IntegrationService.Infrastructure.csproj" />
  </Folder>
</Solution>
