<Solution>
  <Project Path="LoanApplication.API/LoanApplication.API.csproj" />
  <Project Path="LoanApplication.Application/LoanApplication.Application.csproj" />
  <Project Path="LoanApplication.Domain/LoanApplication.Domain.csproj" />
  <Project Path="LoanApplication.Functions/LoanApplication.Functions.csproj" />
  <Project Path="LoanApplication.Infrastructure/LoanApplication.Infrastructure.csproj" />
</Solution>
