<Solution>
  <Folder Name="/src/">
    <Project Path="src/UserSecurityService.API/UserSecurityService.API.csproj" />
    <Project Path="src/UserSecurityService.Application/UserSecurityService.Application.csproj" />
    <Project Path="src/UserSecurityService.Domain/UserSecurityService.Domain.csproj" />
    <Project Path="src/UserSecurityService.Functions/UserSecurityService.Functions.csproj" />
    <Project Path="src/UserSecurityService.Infrastructure/UserSecurityService.Infrastructure.csproj" />
  </Folder>
</Solution>
