<Solution>
  <Folder Name="/src/">
    <Project Path="src/PurchaseSalesService.API/PurchaseSalesService.API.csproj" />
    <Project Path="src/PurchaseSalesService.Application/PurchaseSalesService.Application.csproj" />
    <Project Path="src/PurchaseSalesService.Domain/PurchaseSalesService.Domain.csproj" />
    <Project Path="src/PurchaseSalesService.Functions/PurchaseSalesService.Functions.csproj" />
    <Project Path="src/PurchaseSalesService.Infrastructure/PurchaseSalesService.Infrastructure.csproj" />
  </Folder>
</Solution>
