<Solution>
  <Folder Name="/src/">
    <Project Path="src/SecurityService.API/SecurityService.API.csproj" />
    <Project Path="src/SecurityService.Application/SecurityService.Application.csproj" />
    <Project Path="src/SecurityService.Domain/SecurityService.Domain.csproj" />
    <Project Path="src/SecurityService.Functions/SecurityService.Functions.csproj" />
    <Project Path="src/SecurityService.Infrastructure/SecurityService.Infrastructure.csproj" />
  </Folder>
</Solution>
