<Solution>
  <Folder Name="/src/">
    <Project Path="src/TeamServices.API/TeamServices.API.csproj" />
    <Project Path="src/TeamServices.Application/TeamServices.Application.csproj" />
    <Project Path="src/TeamServices.Domain/TeamServices.Domain.csproj" />
    <Project Path="src/TeamServices.Functions/TeamServices.Functions.csproj" />
    <Project Path="src/TeamServices.Infrastructure/TeamServices.Infrastructure.csproj" />
  </Folder>
  <Folder Name="/tests/">
    <Project Path="tests/TeamServices.Tests/TeamServices.Tests.csproj" />
  </Folder>
</Solution>
