<Solution>
  <Folder Name="/src/">
    <Project Path="src/ProblemManagement.API/ProblemManagement.API.csproj" />
    <Project Path="src/ProblemManagement.Application/ProblemManagement.Application.csproj" />
    <Project Path="src/ProblemManagement.Domain/ProblemManagement.Domain.csproj" />
    <Project Path="src/ProblemManagement.Functions/ProblemManagement.Functions.csproj" />
    <Project Path="src/ProblemManagement.Infrastructure/ProblemManagement.Infrastructure.csproj" />
  </Folder>
</Solution>
