<Solution>
  <Folder Name="/src/">
    <Project Path="src/LoanService.Api/LoanService.Api.csproj" />
    <Project Path="src/LoanService.Application/LoanService.Application.csproj" />
    <Project Path="src/LoanService.AzureFunctions/LoanService.AzureFunctions.csproj" />
    <Project Path="src/LoanService.Domain/LoanService.Domain.csproj" />
    <Project Path="src/LoanService.Infrastructure/LoanService.Infrastructure.csproj" />
  </Folder>
</Solution>
