<Solution>
  <Folder Name="/src/">
    <Project Path="src/EnergyService.API/EnergyService.API.csproj" />
    <Project Path="src/EnergyService.Application/EnergyService.Application.csproj" />
    <Project Path="src/EnergyService.Domain/EnergyService.Domain.csproj" />
    <Project Path="src/EnergyService.Functions/EnergyService.Functions.csproj" />
    <Project Path="src/EnergyService.Infrastructure/EnergyService.Infrastructure.csproj" />
  </Folder>
</Solution>
