<Solution>
  <Folder Name="/src/">
    <Project Path="src/GroupIncentiveService.API/GroupIncentiveService.API.csproj" />
    <Project Path="src/GroupIncentiveService.Application/GroupIncentiveService.Application.csproj" />
    <Project Path="src/GroupIncentiveService.Domain/GroupIncentiveService.Domain.csproj" />
    <Project Path="src/GroupIncentiveService.Functions/GroupIncentiveService.Functions.csproj" />
    <Project Path="src/GroupIncentiveService.Infrastructure/GroupIncentiveService.Infrastructure.csproj" />
  </Folder>
</Solution>
