<Solution>
  <Folder Name="/src/">
    <Project Path="src/EmployeePrideManagement.API/EmployeePrideManagement.API.csproj" />
    <Project Path="src/EmployeePrideManagement.Application/EmployeePrideManagement.Application.csproj" />
    <Project Path="src/EmployeePrideManagement.Domain/EmployeePrideManagement.Domain.csproj" />
    <Project Path="src/EmployeePrideManagement.Functions/EmployeePrideManagement.Functions.csproj" />
    <Project Path="src/EmployeePrideManagement.Infrastructure/EmployeePrideManagement.Infrastructure.csproj" />
  </Folder>
</Solution>
