<Solution>
  <Folder Name="/src/">
    <Project Path="src/FleetManagement.API/FleetManagement.API.csproj" />
    <Project Path="src/FleetManagement.Application/FleetManagement.Application.csproj" />
    <Project Path="src/FleetManagement.Domain/FleetManagement.Domain.csproj" />
    <Project Path="src/FleetManagement.Functions/FleetManagement.Functions.csproj" />
    <Project Path="src/FleetManagement.Infrastructure/FleetManagement.Infrastructure.csproj" />
  </Folder>
</Solution>
