
Microsoft Visual Studio Solution File, Format Version 12.00
# Visual Studio Version 17
VisualStudioVersion = 17.7.34024.191
MinimumVisualStudioVersion = 10.0.40219.1
Project("{2150E333-8FDC-42A3-9474-1A3956D46DE8}") = "src", "src", "{7B5C0D1A-2B3A-4C5F-8D9E-1F2A3B4C5D6E}"
EndProject
Project("{2150E333-8FDC-42A3-9474-1A3956D46DE8}") = "Domain", "Domain", "{A1B2C3D4-E5F6-47A8-9B0C-1D2E3F4A5B6C}"
EndProject
Project("{2150E333-8FDC-42A3-9474-1A3956D46DE8}") = "Application", "Application", "{D4E5F6A7-B8C9-4D0E-1F2A-3B4C5D6E7F8A}"
EndProject
Project("{2150E333-8FDC-42A3-9474-1A3956D46DE8}") = "Infrastructure", "Infrastructure", "{F8A9B0C1-D2E3-4F5A-6B7C-8D9E0F1A2B3C}"
EndProject
Project("{2150E333-8FDC-42A3-9474-1A3956D46DE8}") = "API", "API", "{C3D4E5F6-A7B8-49C0-D1E2-F3A4B5C6D7E8}"
EndProject
Project("{9A19103F-16F7-4668-BE54-9A1E7A4F7556}") = "AgencyService.Domain", "src\Domain\AgencyService.Domain\AgencyService.Domain.csproj", "{1A2B3C4D-5E6F-47A8-9B0C-D1E2F3A4B5C6}"
EndProject
Project("{9A19103F-16F7-4668-BE54-9A1E7A4F7556}") = "AgencyService.Application", "src\Application\AgencyService.Application\AgencyService.Application.csproj", "{2B3C4D5E-6F7A-48B9-C0D1-E2F3A4B5C6D7}"
EndProject
Project("{9A19103F-16F7-4668-BE54-9A1E7A4F7556}") = "AgencyService.Infrastructure", "src\Infrastructure\AgencyService.Infrastructure\AgencyService.Infrastructure.csproj", "{3C4D5E6F-7A8B-49A0-D1E2-F3A4B5C6D7E8}"
EndProject
Project("{9A19103F-16F7-4668-BE54-9A1E7A4F7556}") = "AgencyService.Api", "src\API\AgencyService.Api\AgencyService.Api.csproj", "{4D5E6F7A-8B9C-40B1-E2F3-A4B5C6D7E8F9}"
EndProject
Global
	GlobalSection(SolutionConfigurationPlatforms) = preSolution
		Debug|Any CPU = Debug|Any CPU
		Release|Any CPU = Release|Any CPU
	EndGlobalSection
	GlobalSection(ProjectConfigurationPlatforms) = postSolution
		{1A2B3C4D-5E6F-47A8-9B0C-D1E2F3A4B5C6}.Debug|Any CPU.ActiveCfg = Debug|Any CPU
		{1A2B3C4D-5E6F-47A8-9B0C-D1E2F3A4B5C6}.Debug|Any CPU.Build.0 = Debug|Any CPU
		{1A2B3C4D-5E6F-47A8-9B0C-D1E2F3A4B5C6}.Release|Any CPU.ActiveCfg = Release|Any CPU
		{1A2B3C4D-5E6F-47A8-9B0C-D1E2F3A4B5C6}.Release|Any CPU.Build.0 = Release|Any CPU
		{2B3C4D5E-6F7A-48B9-C0D1-E2F3A4B5C6D7}.Debug|Any CPU.ActiveCfg = Debug|Any CPU
		{2B3C4D5E-6F7A-48B9-C0D1-E2F3A4B5C6D7}.Debug|Any CPU.Build.0 = Debug|Any CPU
		{2B3C4D5E-6F7A-48B9-C0D1-E2F3A4B5C6D7}.Release|Any CPU.ActiveCfg = Release|Any CPU
		{2B3C4D5E-6F7A-48B9-C0D1-E2F3A4B5C6D7}.Release|Any CPU.Build.0 = Release|Any CPU
		{3C4D5E6F-7A8B-49A0-D1E2-F3A4B5C6D7E8}.Debug|Any CPU.ActiveCfg = Debug|Any CPU
		{3C4D5E6F-7A8B-49A0-D1E2-F3A4B5C6D7E8}.Debug|Any CPU.Build.0 = Debug|Any CPU
		{3C4D5E6F-7A8B-49A0-D1E2-F3A4B5C6D7E8}.Release|Any CPU.ActiveCfg = Release|Any CPU
		{3C4D5E6F-7A8B-49A0-D1E2-F3A4B5C6D7E8}.Release|Any CPU.Build.0 = Release|Any CPU
		{4D5E6F7A-8B9C-40B1-E2F3-A4B5C6D7E8F9}.Debug|Any CPU.ActiveCfg = Debug|Any CPU
		{4D5E6F7A-8B9C-40B1-E2F3-A4B5C6D7E8F9}.Debug|Any CPU.Build.0 = Debug|Any CPU
		{4D5E6F7A-8B9C-40B1-E2F3-A4B5C6D7E8F9}.Release|Any CPU.ActiveCfg = Release|Any CPU
		{4D5E6F7A-8B9C-40B1-E2F3-A4B5C6D7E8F9}.Release|Any CPU.Build.0 = Release|Any CPU
	EndGlobalSection
	GlobalSection(NestedProjects) = preSolution
		{A1B2C3D4-E5F6-47A8-9B0C-1D2E3F4A5B6C} = {7B5C0D1A-2B3A-4C5F-8D9E-1F2A3B4C5D6E}
		{D4E5F6A7-B8C9-4D0E-1F2A-3B4C5D6E7F8A} = {7B5C0D1A-2B3A-4C5F-8D9E-1F2A3B4C5D6E}
		{F8A9B0C1-D2E3-4F5A-6B7C-8D9E0F1A2B3C} = {7B5C0D1A-2B3A-4C5F-8D9E-1F2A3B4C5D6E}
		{C3D4E5F6-A7B8-49C0-D1E2-F3A4B5C6D7E8} = {7B5C0D1A-2B3A-4C5F-8D9E-1F2A3B4C5D6E}
		{1A2B3C4D-5E6F-47A8-9B0C-D1E2F3A4B5C6} = {A1B2C3D4-E5F6-47A8-9B0C-1D2E3F4A5B6C}
		{2B3C4D5E-6F7A-48B9-C0D1-E2F3A4B5C6D7} = {D4E5F6A7-B8C9-4D0E-1F2A-3B4C5D6E7F8A}
		{3C4D5E6F-7A8B-49A0-D1E2-F3A4B5C6D7E8} = {F8A9B0C1-D2E3-4F5A-6B7C-8D9E0F1A2B3C}
		{4D5E6F7A-8B9C-40B1-E2F3-A4B5C6D7E8F9} = {C3D4E5F6-A7B8-49C0-D1E2-F3A4B5C6D7E8}
	EndGlobalSection
EndGlobal
