<Solution>
  <Project Path="SwipeTransactionService.API/SwipeTransactionService.API.csproj" />
  <Project Path="SwipeTransactionService.Application/SwipeTransactionService.Application.csproj" />
  <Project Path="SwipeTransactionService.Domain/SwipeTransactionService.Domain.csproj" />
  <Project Path="SwipeTransactionService.Functions/SwipeTransactionService.Functions.csproj" />
  <Project Path="SwipeTransactionService.Infrastructure/SwipeTransactionService.Infrastructure.csproj" />
  <Project Path="SwipeTransactionService.Tests/SwipeTransactionService.Tests.csproj" />
</Solution>
