<Solution>
  <Folder Name="/src/">
    <Project Path="src/LoanDefinition.API/LoanDefinition.API.csproj" />
    <Project Path="src/LoanDefinition.Application/LoanDefinition.Application.csproj" />
    <Project Path="src/LoanDefinition.Domain/LoanDefinition.Domain.csproj" />
    <Project Path="src/LoanDefinition.Functions/LoanDefinition.Functions.csproj" />
    <Project Path="src/LoanDefinition.Infrastructure/LoanDefinition.Infrastructure.csproj" />
    <Project Path="src/LoanDefinition.SharedKernel/LoanDefinition.SharedKernel.csproj" />
  </Folder>
</Solution>
