<Solution>
  <Folder Name="/src/">
    <Project Path="src/TrustService.API/TrustService.API.csproj" />
    <Project Path="src/TrustService.Application/TrustService.Application.csproj" />
    <Project Path="src/TrustService.Domain/TrustService.Domain.csproj" />
    <Project Path="src/TrustService.Functions/TrustService.Functions.csproj" />
    <Project Path="src/TrustService.Infrastructure/TrustService.Infrastructure.csproj" />
  </Folder>
</Solution>
