<Solution>
  <Folder Name="/src/">
    <Project Path="src/UnitService.API/UnitService.API.csproj" />
    <Project Path="src/UnitService.Application/UnitService.Application.csproj" />
    <Project Path="src/UnitService.Domain/UnitService.Domain.csproj" />
    <Project Path="src/UnitService.Functions/UnitService.Functions.csproj" />
    <Project Path="src/UnitService.Infrastructure/UnitService.Infrastructure.csproj" />
  </Folder>
  <Folder Name="/tests/">
    <Project Path="tests/UnitService.Tests/UnitService.Tests.csproj" />
  </Folder>
</Solution>
