<Solution>
  <Folder Name="/functions/">
    <Project Path="functions/CurrencyManagement.Functions/CurrencyManagement.Functions.csproj" />
  </Folder>
  <Folder Name="/src/">
    <Project Path="src/CurrencyManagement.API/CurrencyManagement.API.csproj" />
    <Project Path="src/CurrencyManagement.Application/CurrencyManagement.Application.csproj" />
    <Project Path="src/CurrencyManagement.Domain/CurrencyManagement.Domain.csproj" />
    <Project Path="src/CurrencyManagement.Infrastructure/CurrencyManagement.Infrastructure.csproj" />
  </Folder>
</Solution>
