<Solution>
  <Folder Name="/src/">
    <Project Path="src/UtilityService.API/UtilityService.API.csproj" />
    <Project Path="src/UtilityService.Application/UtilityService.Application.csproj" />
    <Project Path="src/UtilityService.Domain/UtilityService.Domain.csproj" />
    <Project Path="src/UtilityService.Functions/UtilityService.Functions.csproj" />
    <Project Path="src/UtilityService.Infrastructure/UtilityService.Infrastructure.csproj" />
  </Folder>
</Solution>
