<Solution>
  <Project Path="EmployeeService.API/EmployeeService.API.csproj" />
  <Project Path="EmployeeService.Application/EmployeeService.Application.csproj" />
  <Project Path="EmployeeService.Domain/EmployeeService.Domain.csproj" />
  <Project Path="EmployeeService.Infrastructure/EmployeeService.Infrastructure.csproj" />
  <Project Path="EmployeeService.Shared/EmployeeService.Shared.csproj" />
</Solution>
