<Solution>
  <Folder Name="/src/">
    <Project Path="src/ApprovalGroup.API/ApprovalGroup.API.csproj" />
    <Project Path="src/ApprovalGroup.Application/ApprovalGroup.Application.csproj" />
    <Project Path="src/ApprovalGroup.Domain/ApprovalGroup.Domain.csproj" />
    <Project Path="src/ApprovalGroup.Functions/ApprovalGroup.Functions.csproj" />
    <Project Path="src/ApprovalGroup.Infrastructure/ApprovalGroup.Infrastructure.csproj" />
  </Folder>
</Solution>
