<Solution>
  <Project Path="AuthorizationService.API/AuthorizationService.API.csproj" />
  <Project Path="AuthorizationService.Application/AuthorizationService.Application.csproj" />
  <Project Path="AuthorizationService.Domain/AuthorizationService.Domain.csproj" />
  <Project Path="AuthorizationService.Functions/AuthorizationService.Functions.csproj" />
  <Project Path="AuthorizationService.Infrastructure/AuthorizationService.Infrastructure.csproj" />
  <Project Path="AuthorizationService.Shared/AuthorizationService.Shared.csproj" />
</Solution>
