<Solution>
  <Folder Name="/src/">
    <Project Path="src/InventoryManagement.API/InventoryManagement.API.csproj" />
    <Project Path="src/InventoryManagement.Application/InventoryManagement.Application.csproj" />
    <Project Path="src/InventoryManagement.Domain/InventoryManagement.Domain.csproj" />
    <Project Path="src/InventoryManagement.Functions/InventoryManagement.Functions.csproj" />
    <Project Path="src/InventoryManagement.Infrastructure/InventoryManagement.Infrastructure.csproj" />
  </Folder>
</Solution>
