<Solution>
  <Folder Name="/src/">
    <Project Path="src/MedicineManagement.API/MedicineManagement.API.csproj" />
    <Project Path="src/MedicineManagement.Application/MedicineManagement.Application.csproj" />
    <Project Path="src/MedicineManagement.AzureFunctions/MedicineManagement.AzureFunctions.csproj" />
    <Project Path="src/MedicineManagement.Domain/MedicineManagement.Domain.csproj" />
    <Project Path="src/MedicineManagement.Infrastructure/MedicineManagement.Infrastructure.csproj" />
  </Folder>
</Solution>
