<Solution>
  <Folder Name="/src/">
    <Project Path="src/ContributionService.API/ContributionService.API.csproj" />
    <Project Path="src/ContributionService.Application/ContributionService.Application.csproj" />
    <Project Path="src/ContributionService.Domain/ContributionService.Domain.csproj" />
    <Project Path="src/ContributionService.Functions/ContributionService.Functions.csproj" />
    <Project Path="src/ContributionService.Infrastructure/ContributionService.Infrastructure.csproj" />
  </Folder>
</Solution>
