<Solution>
  <Folder Name="/src/">
    <Project Path="src/WMTransactional.API/WMTransactional.API.csproj" />
    <Project Path="src/WMTransactional.Application/WMTransactional.Application.csproj" />
    <Project Path="src/WMTransactional.Domain/WMTransactional.Domain.csproj" />
    <Project Path="src/WMTransactional.Functions/WMTransactional.Functions.csproj" />
    <Project Path="src/WMTransactional.Infrastructure/WMTransactional.Infrastructure.csproj" />
  </Folder>
</Solution>
