<Solution>
  <Project Path="HealthTransaction.API/HealthTransaction.API.csproj" />
  <Project Path="HealthTransaction.Application/HealthTransaction.Application.csproj" />
  <Project Path="HealthTransaction.Domain/HealthTransaction.Domain.csproj" />
  <Project Path="HealthTransaction.Infrastructure/HealthTransaction.Infrastructure.csproj" />
</Solution>
