<Solution>
  <Folder Name="/src/">
    <Project Path="src/MasterService.API/MasterService.API.csproj" />
    <Project Path="src/MasterService.Application/MasterService.Application.csproj" />
    <Project Path="src/MasterService.AzureFunctions/MasterService.AzureFunctions.csproj" />
    <Project Path="src/MasterService.Domain/MasterService.Domain.csproj" />
    <Project Path="src/MasterService.Infrastructure/MasterService.Infrastructure.csproj" />
  </Folder>
</Solution>
