Microsoft Visual Studio Solution File, Format Version 12.00
# Visual Studio Version 17
VisualStudioVersion = 17.7.34024.191
MinimumVisualStudioVersion = 10.0.40219.1
Project("{9A19103F-16F7-4668-BE54-9A1E7A4F7556}") = "CommunityService.Domain", "CommunityService.Domain\CommunityService.Domain.csproj", "{A1B1C1D1-E1F1-4D1A-9B1B-1C1D1E1F1A1B}"
EndProject
Project("{9A19103F-16F7-4668-BE54-9A1E7A4F7556}") = "CommunityService.Application", "CommunityService.Application\CommunityService.Application.csproj", "{B2C2D2E2-F2A2-4E2B-9C2C-2D2E2F2A2B2C}"
EndProject
Project("{9A19103F-16F7-4668-BE54-9A1E7A4F7556}") = "CommunityService.Infrastructure", "CommunityService.Infrastructure\CommunityService.Infrastructure.csproj", "{C3D3E3F3-A3B3-4F3C-9D3D-3E3F3A3B3C3D}"
EndProject
Project("{9A19103F-16F7-4668-BE54-9A1E7A4F7556}") = "CommunityService.API", "CommunityService.API\CommunityService.API.csproj", "{D4E4F4A4-B4C4-4A4D-9E4E-4F4A4B4C4D4E}"
EndProject
Project("{9A19103F-16F7-4668-BE54-9A1E7A4F7556}") = "CommunityService.AzureFunctions", "CommunityService.AzureFunctions\CommunityService.AzureFunctions.csproj", "{E5F5A5B5-C5D5-4B5E-9F5F-5A5B5C5D5E5F}"
EndProject
Global
	GlobalSection(SolutionConfigurationPlatforms) = preSolution
		Debug|Any CPU = Debug|Any CPU
		Release|Any CPU = Release|Any CPU
	EndGlobalSection
	GlobalSection(ProjectConfigurationPlatforms) = postSolution
		{A1B1C1D1-E1F1-4D1A-9B1B-1C1D1E1F1A1B}.Debug|Any CPU.ActiveCfg = Debug|Any CPU
		{A1B1C1D1-E1F1-4D1A-9B1B-1C1D1E1F1A1B}.Debug|Any CPU.Build.0 = Debug|Any CPU
		{A1B1C1D1-E1F1-4D1A-9B1B-1C1D1E1F1A1B}.Release|Any CPU.ActiveCfg = Release|Any CPU
		{A1B1C1D1-E1F1-4D1A-9B1B-1C1D1E1F1A1B}.Release|Any CPU.Build.0 = Release|Any CPU
		{B2C2D2E2-F2A2-4E2B-9C2C-2D2E2F2A2B2C}.Debug|Any CPU.ActiveCfg = Debug|Any CPU
		{B2C2D2E2-F2A2-4E2B-9C2C-2D2E2F2A2B2C}.Debug|Any CPU.Build.0 = Debug|Any CPU
		{B2C2D2E2-F2A2-4E2B-9C2C-2D2E2F2A2B2C}.Release|Any CPU.ActiveCfg = Release|Any CPU
		{B2C2D2E2-F2A2-4E2B-9C2C-2D2E2F2A2B2C}.Release|Any CPU.Build.0 = Release|Any CPU
		{C3D3E3F3-A3B3-4F3C-9D3D-3E3F3A3B3C3D}.Debug|Any CPU.ActiveCfg = Debug|Any CPU
		{C3D3E3F3-A3B3-4F3C-9D3D-3E3F3A3B3C3D}.Debug|Any CPU.Build.0 = Debug|Any CPU
		{C3D3E3F3-A3B3-4F3C-9D3D-3E3F3A3B3C3D}.Release|Any CPU.ActiveCfg = Release|Any CPU
		{C3D3E3F3-A3B3-4F3C-9D3D-3E3F3A3B3C3D}.Release|Any CPU.Build.0 = Release|Any CPU
		{D4E4F4A4-B4C4-4A4D-9E4E-4F4A4B4C4D4E}.Debug|Any CPU.ActiveCfg = Debug|Any CPU
		{D4E4F4A4-B4C4-4A4D-9E4E-4F4A4B4C4D4E}.Debug|Any CPU.Build.0 = Debug|Any CPU
		{D4E4F4A4-B4C4-4A4D-9E4E-4F4A4B4C4D4E}.Release|Any CPU.ActiveCfg = Release|Any CPU
		{D4E4F4A4-B4C4-4A4D-9E4E-4F4A4B4C4D4E}.Release|Any CPU.Build.0 = Release|Any CPU
		{E5F5A5B5-C5D5-4B5E-9F5F-5A5B5C5D5E5F}.Debug|Any CPU.ActiveCfg = Debug|Any CPU
		{E5F5A5B5-C5D5-4B5E-9F5F-5A5B5C5D5E5F}.Debug|Any CPU.Build.0 = Debug|Any CPU
		{E5F5A5B5-C5D5-4B5E-9F5F-5A5B5C5D5E5F}.Release|Any CPU.ActiveCfg = Release|Any CPU
		{E5F5A5B5-C5D5-4B5E-9F5F-5A5B5C5D5E5F}.Release|Any CPU.Build.0 = Release|Any CPU
	EndGlobalSection
EndGlobal
