<Solution>
  <Folder Name="/src/">
    <Project Path="src/FillingOperationService.API/FillingOperationService.API.csproj" />
    <Project Path="src/FillingOperationService.Application/FillingOperationService.Application.csproj" />
    <Project Path="src/FillingOperationService.Domain/FillingOperationService.Domain.csproj" />
    <Project Path="src/FillingOperationService.Functions/FillingOperationService.Functions.csproj" />
    <Project Path="src/FillingOperationService.Infrastructure/FillingOperationService.Infrastructure.csproj" />
  </Folder>
</Solution>
