<Solution>
  <Folder Name="/src/">
    <Project Path="src/EmployeeManagement.API/EmployeeManagement.API.csproj" />
    <Project Path="src/EmployeeManagement.Application/EmployeeManagement.Application.csproj" />
    <Project Path="src/EmployeeManagement.Domain/EmployeeManagement.Domain.csproj" />
    <Project Path="src/EmployeeManagement.Functions/EmployeeManagement.Functions.csproj" />
    <Project Path="src/EmployeeManagement.Infrastructure/EmployeeManagement.Infrastructure.csproj" />
  </Folder>
</Solution>
