<Solution>
  <Project Path="CardManagement.API/CardManagement.API.csproj" />
  <Project Path="CardManagement.Application/CardManagement.Application.csproj" />
  <Project Path="CardManagement.Domain/CardManagement.Domain.csproj" />
  <Project Path="CardManagement.Functions/CardManagement.Functions.csproj" />
  <Project Path="CardManagement.Infrastructure/CardManagement.Infrastructure.csproj" />
</Solution>
