<Solution>
  <Folder Name="/functions/">
    <Project Path="functions/SSCTransactional.Functions/SSCTransactional.Functions.csproj" />
  </Folder>
  <Folder Name="/src/">
    <Project Path="src/SSCTransactional.API/SSCTransactional.API.csproj" />
    <Project Path="src/SSCTransactional.Application/SSCTransactional.Application.csproj" />
    <Project Path="src/SSCTransactional.Domain/SSCTransactional.Domain.csproj" />
    <Project Path="src/SSCTransactional.Infrastructure/SSCTransactional.Infrastructure.csproj" />
  </Folder>
</Solution>
