<Solution>
  <Folder Name="/src/">
    <Project Path="src/CSA.Service.API/CSA.Service.API.csproj" />
    <Project Path="src/CSA.Service.Application/CSA.Service.Application.csproj" />
    <Project Path="src/CSA.Service.Domain/CSA.Service.Domain.csproj" />
    <Project Path="src/CSA.Service.Functions/CSA.Service.Functions.csproj" />
    <Project Path="src/CSA.Service.Infrastructure/CSA.Service.Infrastructure.csproj" />
  </Folder>
</Solution>
