<Solution>
  <Folder Name="/functions/">
    <Project Path="functions/TimeAttendance.Functions/TimeAttendance.Functions.csproj" />
  </Folder>
  <Folder Name="/src/">
    <Project Path="src/TimeAttendance.API/TimeAttendance.API.csproj" />
    <Project Path="src/TimeAttendance.Application/TimeAttendance.Application.csproj" />
    <Project Path="src/TimeAttendance.Domain/TimeAttendance.Domain.csproj" />
    <Project Path="src/TimeAttendance.Infrastructure/TimeAttendance.Infrastructure.csproj" />
  </Folder>
</Solution>
