<Solution>
  <Folder Name="/src/">
    <Project Path="src/TaskServices.API/TaskServices.API.csproj" />
    <Project Path="src/TaskServices.Application/TaskServices.Application.csproj" />
    <Project Path="src/TaskServices.Domain/TaskServices.Domain.csproj" />
    <Project Path="src/TaskServices.Functions/TaskServices.Functions.csproj" />
    <Project Path="src/TaskServices.Infrastructure/TaskServices.Infrastructure.csproj" />
  </Folder>
</Solution>
