<Solution>
  <Folder Name="/functions/">
    <Project Path="functions/TdsService.Functions/TdsService.Functions.csproj" />
  </Folder>
  <Folder Name="/src/">
    <Project Path="src/TdsService.API/TdsService.API.csproj" />
    <Project Path="src/TdsService.Application/TdsService.Application.csproj" />
    <Project Path="src/TdsService.Domain/TdsService.Domain.csproj" />
    <Project Path="src/TdsService.Infrastructure/TdsService.Infrastructure.csproj" />
  </Folder>
  <Folder Name="/tests/">
    <Project Path="tests/TdsService.Application.Tests/TdsService.Application.Tests.csproj" />
    <Project Path="tests/TdsService.Domain.Tests/TdsService.Domain.Tests.csproj" />
    <Project Path="tests/TdsService.Integration.Tests/TdsService.Integration.Tests.csproj" />
  </Folder>
</Solution>
