<Solution>
  <Folder Name="/src/">
    <Project Path="src/SparshTransactional.API/SparshTransactional.API.csproj" />
    <Project Path="src/SparshTransactional.Application/SparshTransactional.Application.csproj" />
    <Project Path="src/SparshTransactional.Domain/SparshTransactional.Domain.csproj" />
    <Project Path="src/SparshTransactional.Functions/SparshTransactional.Functions.csproj" />
    <Project Path="src/SparshTransactional.Infrastructure/SparshTransactional.Infrastructure.csproj" />
  </Folder>
</Solution>
