<Solution>
  <Folder Name="/src/">
    <Project Path="src/EmployeeService.API/EmployeeService.API.csproj" />
    <Project Path="src/EmployeeService.Application/EmployeeService.Application.csproj" />
    <Project Path="src/EmployeeService.AzureFunctions/EmployeeService.AzureFunctions.csproj" />
    <Project Path="src/EmployeeService.Domain/EmployeeService.Domain.csproj" />
    <Project Path="src/EmployeeService.Infrastructure/EmployeeService.Infrastructure.csproj" />
  </Folder>
</Solution>
