<Solution>
  <Project Path="LoanManagement.API/LoanManagement.API.csproj" />
  <Project Path="LoanManagement.Application/LoanManagement.Application.csproj" />
  <Project Path="LoanManagement.Domain/LoanManagement.Domain.csproj" />
  <Project Path="LoanManagement.Functions/LoanManagement.Functions.csproj" />
  <Project Path="LoanManagement.Infrastructure/LoanManagement.Infrastructure.csproj" />
</Solution>
