<Solution>
  <Folder Name="/src/">
    <Project Path="src/InventoryService.API/InventoryService.API.csproj" />
    <Project Path="src/InventoryService.Application/InventoryService.Application.csproj" />
    <Project Path="src/InventoryService.Domain/InventoryService.Domain.csproj" />
    <Project Path="src/InventoryService.Functions/InventoryService.Functions.csproj" />
    <Project Path="src/InventoryService.Infrastructure/InventoryService.Infrastructure.csproj" />
  </Folder>
</Solution>
