<Solution>
  <Folder Name="/src/">
    <Project Path="src/ReimbursementService.API/ReimbursementService.API.csproj" />
    <Project Path="src/ReimbursementService.Application/ReimbursementService.Application.csproj" />
    <Project Path="src/ReimbursementService.Domain/ReimbursementService.Domain.csproj" />
    <Project Path="src/ReimbursementService.Functions/ReimbursementService.Functions.csproj" />
    <Project Path="src/ReimbursementService.Infrastructure/ReimbursementService.Infrastructure.csproj" />
  </Folder>
</Solution>
