<Solution>
  <Folder Name="/src/">
    <Project Path="src/CalendarService.API/CalendarService.API.csproj" />
    <Project Path="src/CalendarService.Application/CalendarService.Application.csproj" />
    <Project Path="src/CalendarService.Domain/CalendarService.Domain.csproj" />
    <Project Path="src/CalendarService.Infrastructure/CalendarService.Infrastructure.csproj" />
  </Folder>
</Solution>
