<Solution>
  <Folder Name="/src/">
    <Project Path="src/TravelRequestService.API/TravelRequestService.API.csproj" />
    <Project Path="src/TravelRequestService.Application/TravelRequestService.Application.csproj" />
    <Project Path="src/TravelRequestService.Domain/TravelRequestService.Domain.csproj" />
    <Project Path="src/TravelRequestService.Functions/TravelRequestService.Functions.csproj" />
    <Project Path="src/TravelRequestService.Infrastructure/TravelRequestService.Infrastructure.csproj" />
  </Folder>
</Solution>
