<Solution>
  <Folder Name="/src/">
    <Project Path="src/EmailNotification.API/EmailNotification.API.csproj" />
    <Project Path="src/EmailNotification.Application/EmailNotification.Application.csproj" />
    <Project Path="src/EmailNotification.Domain/EmailNotification.Domain.csproj" />
    <Project Path="src/EmailNotification.Infrastructure/EmailNotification.Infrastructure.csproj" />
  </Folder>
</Solution>
