Microsoft Visual Studio Solution File, Format Version 12.00
# Visual Studio Version 17
VisualStudioVersion = 17.0.31919.166
MinimumVisualStudioVersion = 10.0.40219.1
Project("{9A19103F-16F7-4668-BE54-9A1E7A4F7556}") = "MobileExpenseManagement.Domain", "MobileExpenseManagement.Domain\MobileExpenseManagement.Domain.csproj", "{D1A2B3C4-E5F6-47G8-H9I0-J1K2L3M4N5O6}"
EndProject
Project("{9A19103F-16F7-4668-BE54-9A1E7A4F7556}") = "MobileExpenseManagement.Application", "MobileExpenseManagement.Application\MobileExpenseManagement.Application.csproj", "{A9B8C7D6-E5F4-43G2-H1I0-J9K8L7M6N5O4}"
EndProject
Project("{9A19103F-16F7-4668-BE54-9A1E7A4F7556}") = "MobileExpenseManagement.Infrastructure", "MobileExpenseManagement.Infrastructure\MobileExpenseManagement.Infrastructure.csproj", "{B8C7D6E5-F4G3-42H1-I0J9-K8L7M6N5O4P3}"
EndProject
Project("{9A19103F-16F7-4668-BE54-9A1E7A4F7556}") = "MobileExpenseManagement.API", "MobileExpenseManagement.API\MobileExpenseManagement.API.csproj", "{C7D6E5F4-G3H2-41I0-J9K8-L7M6N5O4P3Q2}"
EndProject
Project("{9A19103F-16F7-4668-BE54-9A1E7A4F7556}") = "MobileExpenseManagement.AzureFunctions", "MobileExpenseManagement.AzureFunctions\MobileExpenseManagement.AzureFunctions.csproj", "{D6E5F4G3-H2I1-40J9-K8L7-M6N5O4P3Q2R1}"
EndProject
Global
	GlobalSection(SolutionConfigurationPlatforms) = preSolution
		Debug|Any CPU = Debug|Any CPU
		Release|Any CPU = Release|Any CPU
	EndGlobalSection
	GlobalSection(ProjectConfigurationPlatforms) = postSolution
		{D1A2B3C4-E5F6-47G8-H9I0-J1K2L3M4N5O6}.Debug|Any CPU.ActiveCfg = Debug|Any CPU
		{D1A2B3C4-E5F6-47G8-H9I0-J1K2L3M4N5O6}.Debug|Any CPU.Build.0 = Debug|Any CPU
		{D1A2B3C4-E5F6-47G8-H9I0-J1K2L3M4N5O6}.Release|Any CPU.ActiveCfg = Release|Any CPU
		{D1A2B3C4-E5F6-47G8-H9I0-J1K2L3M4N5O6}.Release|Any CPU.Build.0 = Release|Any CPU
		{A9B8C7D6-E5F4-43G2-H1I0-J9K8L7M6N5O4}.Debug|Any CPU.ActiveCfg = Debug|Any CPU
		{A9B8C7D6-E5F4-43G2-H1I0-J9K8L7M6N5O4}.Debug|Any CPU.Build.0 = Debug|Any CPU
		{A9B8C7D6-E5F4-43G2-H1I0-J9K8L7M6N5O4}.Release|Any CPU.ActiveCfg = Release|Any CPU
		{A9B8C7D6-E5F4-43G2-H1I0-J9K8L7M6N5O4}.Release|Any CPU.Build.0 = Release|Any CPU
		{B8C7D6E5-F4G3-42H1-I0J9-K8L7M6N5O4P3}.Debug|Any CPU.ActiveCfg = Debug|Any CPU
		{B8C7D6E5-F4G3-42H1-I0J9-K8L7M6N5O4P3}.Debug|Any CPU.Build.0 = Debug|Any CPU
		{B8C7D6E5-F4G3-42H1-I0J9-K8L7M6N5O4P3}.Release|Any CPU.ActiveCfg = Release|Any CPU
		{B8C7D6E5-F4G3-42H1-I0J9-K8L7M6N5O4P3}.Release|Any CPU.Build.0 = Release|Any CPU
		{C7D6E5F4-G3H2-41I0-J9K8-L7M6N5O4P3Q2}.Debug|Any CPU.ActiveCfg = Debug|Any CPU
		{C7D6E5F4-G3H2-41I0-J9K8-L7M6N5O4P3Q2}.Debug|Any CPU.Build.0 = Debug|Any CPU
		{C7D6E5F4-G3H2-41I0-J9K8-L7M6N5O4P3Q2}.Release|Any CPU.ActiveCfg = Release|Any CPU
		{C7D6E5F4-G3H2-41I0-J9K8-L7M6N5O4P3Q2}.Release|Any CPU.Build.0 = Release|Any CPU
		{D6E5F4G3-H2I1-40J9-K8L7-M6N5O4P3Q2R1}.Debug|Any CPU.ActiveCfg = Debug|Any CPU
		{D6E5F4G3-H2I1-40J9-K8L7-M6N5O4P3Q2R1}.Debug|Any CPU.Build.0 = Debug|Any CPU
		{D6E5F4G3-H2I1-40J9-K8L7-M6N5O4P3Q2R1}.Release|Any CPU.ActiveCfg = Release|Any CPU
		{D6E5F4G3-H2I1-40J9-K8L7-M6N5O4P3Q2R1}.Release|Any CPU.Build.0 = Release|Any CPU
	EndGlobalSection
EndGlobal
