<Solution>
  <Folder Name="/functions/">
    <Project Path="functions/AccountingService.Functions/AccountingService.Functions.csproj" />
  </Folder>
  <Folder Name="/src/">
    <Project Path="src/AccountingService.API/AccountingService.API.csproj" />
    <Project Path="src/AccountingService.Application/AccountingService.Application.csproj" />
    <Project Path="src/AccountingService.Domain/AccountingService.Domain.csproj" />
    <Project Path="src/AccountingService.Infrastructure/AccountingService.Infrastructure.csproj" />
  </Folder>
</Solution>
