<Solution>
  <Project Path="DeductionService.API/DeductionService.API.csproj" />
  <Project Path="DeductionService.Application/DeductionService.Application.csproj" />
  <Project Path="DeductionService.Domain/DeductionService.Domain.csproj" />
  <Project Path="DeductionService.Functions/DeductionService.Functions.csproj" />
  <Project Path="DeductionService.Infrastructure/DeductionService.Infrastructure.csproj" />
</Solution>
