<Solution>
  <Project Path="GroupManagementService.API/GroupManagementService.API.csproj" />
  <Project Path="GroupManagementService.Application/GroupManagementService.Application.csproj" />
  <Project Path="GroupManagementService.BackgroundTasks/GroupManagementService.BackgroundTasks.csproj" />
  <Project Path="GroupManagementService.Domain/GroupManagementService.Domain.csproj" />
  <Project Path="GroupManagementService.Infrastructure/GroupManagementService.Infrastructure.csproj" />
  <Project Path="GroupManagementService.Tests/GroupManagementService.Tests.csproj" />
</Solution>
