<Solution>
  <Folder Name="/src/">
    <Project Path="src/RackingSystem.API/RackingSystem.API.csproj" />
    <Project Path="src/RackingSystem.Application/RackingSystem.Application.csproj" />
    <Project Path="src/RackingSystem.Domain/RackingSystem.Domain.csproj" />
    <Project Path="src/RackingSystem.Functions/RackingSystem.Functions.csproj" />
    <Project Path="src/RackingSystem.Infrastructure/RackingSystem.Infrastructure.csproj" />
  </Folder>
</Solution>
