<Solution>
  <Folder Name="/src/">
    <Project Path="src/AdminService.API/AdminService.API.csproj" />
    <Project Path="src/AdminService.Application/AdminService.Application.csproj" />
    <Project Path="src/AdminService.Domain/AdminService.Domain.csproj" />
    <Project Path="src/AdminService.Functions/AdminService.Functions.csproj" />
    <Project Path="src/AdminService.Infrastructure/AdminService.Infrastructure.csproj" />
  </Folder>
  <Folder Name="/tests/">
    <Project Path="tests/AdminService.Tests/AdminService.Tests.csproj" />
  </Folder>
</Solution>
