<Solution>
  <Folder Name="/functions/">
    <Project Path="functions/BookingService.Functions/BookingService.Functions.csproj" />
  </Folder>
  <Folder Name="/src/">
    <Project Path="src/BookingService.API/BookingService.API.csproj" />
    <Project Path="src/BookingService.Application/BookingService.Application.csproj" />
    <Project Path="src/BookingService.Domain/BookingService.Domain.csproj" />
    <Project Path="src/BookingService.Infrastructure/BookingService.Infrastructure.csproj" />
  </Folder>
</Solution>
