<Solution>
  <Folder Name="/src/">
    <Project Path="src/CompetencyService.API/CompetencyService.API.csproj" />
    <Project Path="src/CompetencyService.Application/CompetencyService.Application.csproj" />
    <Project Path="src/CompetencyService.Domain/CompetencyService.Domain.csproj" />
    <Project Path="src/CompetencyService.Functions/CompetencyService.Functions.csproj" />
    <Project Path="src/CompetencyService.Infrastructure/CompetencyService.Infrastructure.csproj" />
  </Folder>
</Solution>
