<Solution>
  <Folder Name="/src/">
    <Project Path="src/SalesOrderService.API/SalesOrderService.API.csproj" />
    <Project Path="src/SalesOrderService.Application/SalesOrderService.Application.csproj" />
    <Project Path="src/SalesOrderService.Domain/SalesOrderService.Domain.csproj" />
    <Project Path="src/SalesOrderService.Functions/SalesOrderService.Functions.csproj" />
    <Project Path="src/SalesOrderService.Infrastructure/SalesOrderService.Infrastructure.csproj" />
  </Folder>
</Solution>
