<Solution>
  <Folder Name="/src/">
    <Project Path="src/LetTransactionService.API/LetTransactionService.API.csproj" />
    <Project Path="src/LetTransactionService.Application/LetTransactionService.Application.csproj" />
    <Project Path="src/LetTransactionService.Domain/LetTransactionService.Domain.csproj" />
    <Project Path="src/LetTransactionService.Functions/LetTransactionService.Functions.csproj" />
    <Project Path="src/LetTransactionService.Infrastructure/LetTransactionService.Infrastructure.csproj" />
  </Folder>
</Solution>
