<Solution>
  <Folder Name="/src/">
    <Project Path="src/AlertsNotifications.API/AlertsNotifications.API.csproj" />
    <Project Path="src/AlertsNotifications.Application/AlertsNotifications.Application.csproj" />
    <Project Path="src/AlertsNotifications.Domain/AlertsNotifications.Domain.csproj" />
    <Project Path="src/AlertsNotifications.Functions/AlertsNotifications.Functions.csproj" />
    <Project Path="src/AlertsNotifications.Infrastructure/AlertsNotifications.Infrastructure.csproj" />
  </Folder>
</Solution>
