<Solution>
  <Folder Name="/src/">
    <Project Path="src/FilingAndArchiveService.API/FilingAndArchiveService.API.csproj" />
    <Project Path="src/FilingAndArchiveService.Application/FilingAndArchiveService.Application.csproj" />
    <Project Path="src/FilingAndArchiveService.Domain/FilingAndArchiveService.Domain.csproj" />
    <Project Path="src/FilingAndArchiveService.Functions/FilingAndArchiveService.Functions.csproj" />
    <Project Path="src/FilingAndArchiveService.Infrastructure/FilingAndArchiveService.Infrastructure.csproj" />
  </Folder>
</Solution>
