<Solution>
  <Folder Name="/src/">
    <Project Path="src/MedicalVisit.API/MedicalVisit.API.csproj" />
    <Project Path="src/MedicalVisit.Application/MedicalVisit.Application.csproj" />
    <Project Path="src/MedicalVisit.Domain/MedicalVisit.Domain.csproj" />
    <Project Path="src/MedicalVisit.Functions/MedicalVisit.Functions.csproj" />
    <Project Path="src/MedicalVisit.Infrastructure/MedicalVisit.Infrastructure.csproj" />
  </Folder>
</Solution>
