<Solution>
  <Folder Name="/src/">
    <Project Path="src/TaskTransactional.API/TaskTransactional.API.csproj" />
    <Project Path="src/TaskTransactional.Application/TaskTransactional.Application.csproj" />
    <Project Path="src/TaskTransactional.Domain/TaskTransactional.Domain.csproj" />
    <Project Path="src/TaskTransactional.Functions/TaskTransactional.Functions.csproj" />
    <Project Path="src/TaskTransactional.Infrastructure/TaskTransactional.Infrastructure.csproj" />
  </Folder>
</Solution>
