<Solution>
  <Folder Name="/src/">
    <Project Path="src/WarehouseStructure.API/WarehouseStructure.API.csproj" />
    <Project Path="src/WarehouseStructure.Application/WarehouseStructure.Application.csproj" />
    <Project Path="src/WarehouseStructure.Domain/WarehouseStructure.Domain.csproj" />
    <Project Path="src/WarehouseStructure.Functions/WarehouseStructure.Functions.csproj" />
    <Project Path="src/WarehouseStructure.Infrastructure/WarehouseStructure.Infrastructure.csproj" />
  </Folder>
</Solution>
