<Solution>
  <Folder Name="/src/">
    <Project Path="src/VendorService.API/VendorService.API.csproj" />
    <Project Path="src/VendorService.Application/VendorService.Application.csproj" />
    <Project Path="src/VendorService.Domain/VendorService.Domain.csproj" />
    <Project Path="src/VendorService.Functions/VendorService.Functions.csproj" />
    <Project Path="src/VendorService.Infrastructure/VendorService.Infrastructure.csproj" />
  </Folder>
  <Folder Name="/tests/">
    <Project Path="tests/VendorService.IntegrationTests/VendorService.IntegrationTests.csproj" />
    <Project Path="tests/VendorService.UnitTests/VendorService.UnitTests.csproj" />
  </Folder>
</Solution>
