<Solution>
  <Folder Name="/src/">
    <Project Path="src/OrderService.API/OrderService.API.csproj" />
    <Project Path="src/OrderService.Application/OrderService.Application.csproj" />
    <Project Path="src/OrderService.Domain/OrderService.Domain.csproj" />
    <Project Path="src/OrderService.Functions/OrderService.Functions.csproj" />
    <Project Path="src/OrderService.Infrastructure/OrderService.Infrastructure.csproj" />
  </Folder>
</Solution>
