<Solution>
  <Folder Name="/src/">
    <Project Path="src/MeetingModule.API/MeetingModule.API.csproj" />
    <Project Path="src/MeetingModule.Application/MeetingModule.Application.csproj" />
    <Project Path="src/MeetingModule.Domain/MeetingModule.Domain.csproj" />
    <Project Path="src/MeetingModule.Functions/MeetingModule.Functions.csproj" />
    <Project Path="src/MeetingModule.Infrastructure/MeetingModule.Infrastructure.csproj" />
  </Folder>
</Solution>
