<Solution>
  <Folder Name="/src/">
    <Project Path="src/DealTicketing.API/DealTicketing.API.csproj" />
    <Project Path="src/DealTicketing.Application/DealTicketing.Application.csproj" />
    <Project Path="src/DealTicketing.Domain/DealTicketing.Domain.csproj" />
    <Project Path="src/DealTicketing.Functions/DealTicketing.Functions.csproj" />
    <Project Path="src/DealTicketing.Infrastructure/DealTicketing.Infrastructure.csproj" />
  </Folder>
</Solution>
