<Solution>
  <Folder Name="/src/">
    <Project Path="src/MemberService.API/MemberService.API.csproj" />
    <Project Path="src/MemberService.Application/MemberService.Application.csproj" />
    <Project Path="src/MemberService.Domain/MemberService.Domain.csproj" />
    <Project Path="src/MemberService.Infrastructure/MemberService.Infrastructure.csproj" />
  </Folder>
</Solution>
