<Solution>
  <Project Path="src/CanteenUnit.Domain/CanteenUnit.Domain.csproj" />
  <Project Path="src/CanteenUnit.Application/CanteenUnit.Application.csproj" />
  <Project Path="src/CanteenUnit.Infrastructure/CanteenUnit.Infrastructure.csproj" />
  <Project Path="src/CanteenUnit.API/CanteenUnit.API.csproj" />
  <Project Path="src/CanteenUnit.Functions/CanteenUnit.Functions.csproj" />
</Solution>
