<Solution>
  <Folder Name="/src/">
    <Project Path="src/CompensationBenefits.API/CompensationBenefits.API.csproj" />
    <Project Path="src/CompensationBenefits.Application/CompensationBenefits.Application.csproj" />
    <Project Path="src/CompensationBenefits.Domain/CompensationBenefits.Domain.csproj" />
    <Project Path="src/CompensationBenefits.Functions/CompensationBenefits.Functions.csproj" />
    <Project Path="src/CompensationBenefits.Infrastructure/CompensationBenefits.Infrastructure.csproj" />
  </Folder>
</Solution>
