<Solution>
  <Folder Name="/src/">
    <Project Path="src/ProxyModule.API/ProxyModule.API.csproj" />
    <Project Path="src/ProxyModule.Application/ProxyModule.Application.csproj" />
    <Project Path="src/ProxyModule.Domain/ProxyModule.Domain.csproj" />
    <Project Path="src/ProxyModule.Functions/ProxyModule.Functions.csproj" />
    <Project Path="src/ProxyModule.Infrastructure/ProxyModule.Infrastructure.csproj" />
  </Folder>
</Solution>
