<Solution>
  <Folder Name="/src/">
    <Project Path="src/ProjectService.API/ProjectService.API.csproj" />
    <Project Path="src/ProjectService.Application/ProjectService.Application.csproj" />
    <Project Path="src/ProjectService.Domain/ProjectService.Domain.csproj" />
    <Project Path="src/ProjectService.Functions/ProjectService.Functions.csproj" />
    <Project Path="src/ProjectService.Infrastructure/ProjectService.Infrastructure.csproj" />
  </Folder>
</Solution>
