<Solution>
  <Folder Name="/src/">
    <Project Path="src/MobileAppManagement.API/MobileAppManagement.API.csproj" />
    <Project Path="src/MobileAppManagement.Application/MobileAppManagement.Application.csproj" />
    <Project Path="src/MobileAppManagement.Domain/MobileAppManagement.Domain.csproj" />
    <Project Path="src/MobileAppManagement.Functions/MobileAppManagement.Functions.csproj" />
    <Project Path="src/MobileAppManagement.Infrastructure/MobileAppManagement.Infrastructure.csproj" />
  </Folder>
</Solution>
