<Solution>
  <Folder Name="/src/">
    <Project Path="src/CustomerService.API/CustomerService.API.csproj" />
    <Project Path="src/CustomerService.Application/CustomerService.Application.csproj" />
    <Project Path="src/CustomerService.Domain/CustomerService.Domain.csproj" />
    <Project Path="src/CustomerService.Functions/CustomerService.Functions.csproj" />
    <Project Path="src/CustomerService.Infrastructure/CustomerService.Infrastructure.csproj" />
  </Folder>
</Solution>
