<Solution>
  <Project Path="TransactionProcessing.Domain\TransactionProcessing.Domain.csproj" />
  <Project Path="TransactionProcessing.Application\TransactionProcessing.Application.csproj" />
  <Project Path="TransactionProcessing.Infrastructure\TransactionProcessing.Infrastructure.csproj" />
  <Project Path="TransactionProcessing.API\TransactionProcessing.API.csproj" />
  <Project Path="TransactionProcessing.Functions\TransactionProcessing.Functions.csproj" />
</Solution>
