<Solution>
  <Folder Name="/src/">
    <Project Path="src/InvoiceProcessing.API/InvoiceProcessing.API.csproj" />
    <Project Path="src/InvoiceProcessing.Application/InvoiceProcessing.Application.csproj" />
    <Project Path="src/InvoiceProcessing.Domain/InvoiceProcessing.Domain.csproj" />
    <Project Path="src/InvoiceProcessing.Functions/InvoiceProcessing.Functions.csproj" />
    <Project Path="src/InvoiceProcessing.Infrastructure/InvoiceProcessing.Infrastructure.csproj" />
  </Folder>
</Solution>
