<Solution>
  <Folder Name="/src/">
    <Project Path="src/ReceivingService.API/ReceivingService.API.csproj" />
    <Project Path="src/ReceivingService.Application/ReceivingService.Application.csproj" />
    <Project Path="src/ReceivingService.Domain/ReceivingService.Domain.csproj" />
    <Project Path="src/ReceivingService.Functions/ReceivingService.Functions.csproj" />
    <Project Path="src/ReceivingService.Infrastructure/ReceivingService.Infrastructure.csproj" />
  </Folder>
</Solution>
