<Solution>
  <Folder Name="/src/">
    <Project Path="src/InsuranceService.API/InsuranceService.API.csproj" />
    <Project Path="src/InsuranceService.Application/InsuranceService.Application.csproj" />
    <Project Path="src/InsuranceService.Domain/InsuranceService.Domain.csproj" />
    <Project Path="src/InsuranceService.Functions/InsuranceService.Functions.csproj" />
    <Project Path="src/InsuranceService.Infrastructure/InsuranceService.Infrastructure.csproj" />
  </Folder>
</Solution>
