<Solution>
  <Folder Name="/src/">
    <Project Path="src/LovService.API/LovService.API.csproj" />
    <Project Path="src/LovService.Application/LovService.Application.csproj" />
    <Project Path="src/LovService.Domain/LovService.Domain.csproj" />
    <Project Path="src/LovService.Infrastructure/LovService.Infrastructure.csproj" />
  </Folder>
</Solution>
