<Solution>
  <Folder Name="/src/">
    <Project Path="src/FinanceService.API/FinanceService.API.csproj" />
    <Project Path="src/FinanceService.Application/FinanceService.Application.csproj" />
    <Project Path="src/FinanceService.AzureFunctions/FinanceService.AzureFunctions.csproj" />
    <Project Path="src/FinanceService.Domain/FinanceService.Domain.csproj" />
    <Project Path="src/FinanceService.Infrastructure/FinanceService.Infrastructure.csproj" />
  </Folder>
</Solution>
