<Solution>
  <Folder Name="/src/">
    <Project Path="src/ProductService.API/ProductService.API.csproj" />
    <Project Path="src/ProductService.Application/ProductService.Application.csproj" />
    <Project Path="src/ProductService.Domain/ProductService.Domain.csproj" />
    <Project Path="src/ProductService.Functions/ProductService.Functions.csproj" />
    <Project Path="src/ProductService.Infrastructure/ProductService.Infrastructure.csproj" />
  </Folder>
</Solution>
