<Solution>
  <Folder Name="/functions/">
    <Project Path="functions/OrganizationStructureService.Functions/OrganizationStructureService.Functions.csproj" />
  </Folder>
  <Folder Name="/src/">
    <Project Path="src/OrganizationStructureService.API/OrganizationStructureService.API.csproj" />
    <Project Path="src/OrganizationStructureService.Application/OrganizationStructureService.Application.csproj" />
    <Project Path="src/OrganizationStructureService.Domain/OrganizationStructureService.Domain.csproj" />
    <Project Path="src/OrganizationStructureService.Infrastructure/OrganizationStructureService.Infrastructure.csproj" />
  </Folder>
  <Folder Name="/tests/">
    <Project Path="tests/OrganizationStructureService.Application.Tests/OrganizationStructureService.Application.Tests.csproj" />
    <Project Path="tests/OrganizationStructureService.Domain.Tests/OrganizationStructureService.Domain.Tests.csproj" />
  </Folder>
</Solution>
