<Solution>
  <Folder Name="/src/">
    <Project Path="src/LookupService.API/LookupService.API.csproj" />
    <Project Path="src/LookupService.Application/LookupService.Application.csproj" />
    <Project Path="src/LookupService.Domain/LookupService.Domain.csproj" />
    <Project Path="src/LookupService.Functions/LookupService.Functions.csproj" />
    <Project Path="src/LookupService.Infrastructure/LookupService.Infrastructure.csproj" />
  </Folder>
</Solution>
