<Solution>
  <Folder Name="/src/">
    <Project Path="src/Stationery.Api/Stationery.Api.csproj" />
    <Project Path="src/Stationery.Application/Stationery.Application.csproj" />
    <Project Path="src/Stationery.Domain/Stationery.Domain.csproj" />
    <Project Path="src/Stationery.Functions/Stationery.Functions.csproj" />
    <Project Path="src/Stationery.Infrastructure/Stationery.Infrastructure.csproj" />
  </Folder>
  <Folder Name="/tests/">
    <Project Path="tests/Stationery.UnitTests/Stationery.UnitTests.csproj" />
  </Folder>
</Solution>
