<Solution>
  <Project Path="Recruitment.API/Recruitment.API.csproj" />
  <Project Path="Recruitment.Application/Recruitment.Application.csproj" />
  <Project Path="Recruitment.Domain/Recruitment.Domain.csproj" />
  <Project Path="Recruitment.Infrastructure/Recruitment.Infrastructure.csproj" />
</Solution>
