<Solution>
  <Folder Name="/Shared/">
    <Project Path="Shared/Shared.Core/Shared.Core.csproj" />
    <Project Path="Shared/Shared.Events/Shared.Events.csproj" />
    <Project Path="Shared/Shared.Infrastructure/Shared.Infrastructure.csproj" />
  </Folder>
  <Project Path="CheckupManagementService/CheckupManagementService.csproj" />
</Solution>
