<Solution>
  <Folder Name="/src/">
    <Project Path="src/StipendService.API/StipendService.API.csproj" />
    <Project Path="src/StipendService.Application/StipendService.Application.csproj" />
    <Project Path="src/StipendService.Domain/StipendService.Domain.csproj" />
    <Project Path="src/StipendService.Functions/StipendService.Functions.csproj" />
    <Project Path="src/StipendService.Infrastructure/StipendService.Infrastructure.csproj" />
  </Folder>
</Solution>
