<Solution>
  <Folder Name="/src/">
    <Project Path="src/FaqServices.API/FaqServices.API.csproj" />
    <Project Path="src/FaqServices.Application/FaqServices.Application.csproj" />
    <Project Path="src/FaqServices.Domain/FaqServices.Domain.csproj" />
    <Project Path="src/FaqServices.Functions/FaqServices.Functions.csproj" />
    <Project Path="src/FaqServices.Infrastructure/FaqServices.Infrastructure.csproj" />
  </Folder>
</Solution>
