<Solution>
  <Project Path="CashManagement.API/CashManagement.API.csproj" />
  <Project Path="CashManagement.Application/CashManagement.Application.csproj" />
  <Project Path="CashManagement.Domain/CashManagement.Domain.csproj" />
  <Project Path="CashManagement.Functions/CashManagement.Functions.csproj" />
  <Project Path="CashManagement.Infrastructure/CashManagement.Infrastructure.csproj" />
</Solution>
