
Microsoft Visual Studio Solution File, Format Version 12.00
# Visual Studio Version 17
VisualStudioVersion = 17.8.34309.116
MinimumVisualStudioVersion = 10.0.40219.1
Project("{2150E333-8FDC-42A3-9474-1A3956D46DE8}") = "src", "src", "{E6A0A0F1-0001-4000-0000-000000000001}"
EndProject
Project("{FAE04EC0-301F-11D3-BF4B-00C04F79EFBC}") = "AppraisalService.Domain", "src\AppraisalService.Domain\AppraisalService.Domain.csproj", "{D4A0A0F1-0001-4000-0000-000000000001}"
EndProject
Project("{FAE04EC0-301F-11D3-BF4B-00C04F79EFBC}") = "AppraisalService.Application", "src\AppraisalService.Application\AppraisalService.Application.csproj", "{D4A0A0F1-0001-4000-0000-000000000002}"
EndProject
Project("{FAE04EC0-301F-11D3-BF4B-00C04F79EFBC}") = "AppraisalService.Infrastructure", "src\AppraisalService.Infrastructure\AppraisalService.Infrastructure.csproj", "{D4A0A0F1-0001-4000-0000-000000000003}"
EndProject
Project("{FAE04EC0-301F-11D3-BF4B-00C04F79EFBC}") = "AppraisalService.API", "src\AppraisalService.API\AppraisalService.API.csproj", "{D4A0A0F1-0001-4000-0000-000000000004}"
EndProject
Project("{FAE04EC0-301F-11D3-BF4B-00C04F79EFBC}") = "AppraisalService.Functions", "src\AppraisalService.Functions\AppraisalService.Functions.csproj", "{D4A0A0F1-0001-4000-0000-000000000005}"
EndProject
Global
	GlobalSection(SolutionConfigurationPlatforms) = preSolution
		Debug|Any CPU = Debug|Any CPU
		Release|Any CPU = Release|Any CPU
	EndGlobalSection
	GlobalSection(ProjectConfigurationPlatforms) = postSolution
		{D4A0A0F1-0001-4000-0000-000000000001}.Debug|Any CPU.ActiveCfg = Debug|Any CPU
		{D4A0A0F1-0001-4000-0000-000000000001}.Debug|Any CPU.Build.0 = Debug|Any CPU
		{D4A0A0F1-0001-4000-0000-000000000001}.Release|Any CPU.ActiveCfg = Release|Any CPU
		{D4A0A0F1-0001-4000-0000-000000000001}.Release|Any CPU.Build.0 = Release|Any CPU
		{D4A0A0F1-0001-4000-0000-000000000002}.Debug|Any CPU.ActiveCfg = Debug|Any CPU
		{D4A0A0F1-0001-4000-0000-000000000002}.Debug|Any CPU.Build.0 = Debug|Any CPU
		{D4A0A0F1-0001-4000-0000-000000000002}.Release|Any CPU.ActiveCfg = Release|Any CPU
		{D4A0A0F1-0001-4000-0000-000000000002}.Release|Any CPU.Build.0 = Release|Any CPU
		{D4A0A0F1-0001-4000-0000-000000000003}.Debug|Any CPU.ActiveCfg = Debug|Any CPU
		{D4A0A0F1-0001-4000-0000-000000000003}.Debug|Any CPU.Build.0 = Debug|Any CPU
		{D4A0A0F1-0001-4000-0000-000000000003}.Release|Any CPU.ActiveCfg = Release|Any CPU
		{D4A0A0F1-0001-4000-0000-000000000003}.Release|Any CPU.Build.0 = Release|Any CPU
		{D4A0A0F1-0001-4000-0000-000000000004}.Debug|Any CPU.ActiveCfg = Debug|Any CPU
		{D4A0A0F1-0001-4000-0000-000000000004}.Debug|Any CPU.Build.0 = Debug|Any CPU
		{D4A0A0F1-0001-4000-0000-000000000004}.Release|Any CPU.ActiveCfg = Release|Any CPU
		{D4A0A0F1-0001-4000-0000-000000000004}.Release|Any CPU.Build.0 = Release|Any CPU
		{D4A0A0F1-0001-4000-0000-000000000005}.Debug|Any CPU.ActiveCfg = Debug|Any CPU
		{D4A0A0F1-0001-4000-0000-000000000005}.Debug|Any CPU.Build.0 = Debug|Any CPU
		{D4A0A0F1-0001-4000-0000-000000000005}.Release|Any CPU.ActiveCfg = Release|Any CPU
		{D4A0A0F1-0001-4000-0000-000000000005}.Release|Any CPU.Build.0 = Release|Any CPU
	EndGlobalSection
	GlobalSection(NestedProjects) = preSolution
		{D4A0A0F1-0001-4000-0000-000000000001} = {E6A0A0F1-0001-4000-0000-000000000001}
		{D4A0A0F1-0001-4000-0000-000000000002} = {E6A0A0F1-0001-4000-0000-000000000001}
		{D4A0A0F1-0001-4000-0000-000000000003} = {E6A0A0F1-0001-4000-0000-000000000001}
		{D4A0A0F1-0001-4000-0000-000000000004} = {E6A0A0F1-0001-4000-0000-000000000001}
		{D4A0A0F1-0001-4000-0000-000000000005} = {E6A0A0F1-0001-4000-0000-000000000001}
	EndGlobalSection
EndGlobal
